{
    "version": 3,
    "terraform_version": "0.11.13",
    "serial": 49,
    "lineage": "d98c6fe1-8bb2-0e80-aae0-47c571079486",
    "modules": [
        {
            "path": [
                "root"
            ],
            "outputs": {
                "address": {
                    "sensitive": false,
                    "type": "string",
                    "value": "internal-vault-220623412.us-east-1.elb.amazonaws.com"
                },
                "elb_security_group": {
                    "sensitive": false,
                    "type": "string",
                    "value": "sg-0d226a4514f4cacf8"
                },
                "vault_security_group": {
                    "sensitive": false,
                    "type": "string",
                    "value": "sg-0bf4829db016db812"
                }
            },
            "resources": {
                "aws_autoscaling_group.vault": {
                    "type": "aws_autoscaling_group",
                    "depends_on": [
                        "aws_elb.vault",
                        "aws_launch_configuration.vault"
                    ],
                    "primary": {
                        "id": "vault - terraform-20190401180437635700000001",
                        "attributes": {
                            "arn": "arn:aws:autoscaling:us-east-1:728403742088:autoScalingGroup:cc961e88-1cec-42fb-8524-294fc027b6cf:autoScalingGroupName/vault - terraform-20190401180437635700000001",
                            "availability_zones.#": "1",
                            "availability_zones.3569565595": "us-east-1a",
                            "default_cooldown": "300",
                            "desired_capacity": "1",
                            "enabled_metrics.#": "0",
                            "force_delete": "false",
                            "health_check_grace_period": "15",
                            "health_check_type": "EC2",
                            "id": "vault - terraform-20190401180437635700000001",
                            "launch_configuration": "terraform-20190401180437635700000001",
                            "launch_template.#": "0",
                            "load_balancers.#": "1",
                            "load_balancers.4281354529": "vault",
                            "max_size": "1",
                            "metrics_granularity": "1Minute",
                            "min_size": "1",
                            "mixed_instances_policy.#": "0",
                            "name": "vault - terraform-20190401180437635700000001",
                            "placement_group": "",
                            "protect_from_scale_in": "false",
                            "service_linked_role_arn": "arn:aws:iam::728403742088:role/aws-service-role/autoscaling.amazonaws.com/AWSServiceRoleForAutoScaling",
                            "suspended_processes.#": "0",
                            "tag.#": "1",
                            "tag.3275487314.key": "Name",
                            "tag.3275487314.propagate_at_launch": "true",
                            "tag.3275487314.value": "vault",
                            "target_group_arns.#": "0",
                            "termination_policies.#": "0",
                            "vpc_zone_identifier.#": "1",
                            "vpc_zone_identifier.475619028": "subnet-762f8a2a",
                            "wait_for_capacity_timeout": "10m"
                        },
                        "meta": {
                            "e2bfb730-ecaa-11e6-8f88-34363bc7c4c0": {
                                "delete": 600000000000
                            }
                        },
                        "tainted": false
                    },
                    "deposed": [],
                    "provider": "provider.aws"
                },
                "aws_elb.vault": {
                    "type": "aws_elb",
                    "depends_on": [
                        "aws_security_group.elb"
                    ],
                    "primary": {
                        "id": "vault",
                        "attributes": {
                            "access_logs.#": "0",
                            "arn": "arn:aws:elasticloadbalancing:us-east-1:728403742088:loadbalancer/vault",
                            "availability_zones.#": "1",
                            "availability_zones.3569565595": "us-east-1a",
                            "connection_draining": "true",
                            "connection_draining_timeout": "400",
                            "cross_zone_load_balancing": "true",
                            "dns_name": "internal-vault-220623412.us-east-1.elb.amazonaws.com",
                            "health_check.#": "1",
                            "health_check.0.healthy_threshold": "2",
                            "health_check.0.interval": "15",
                            "health_check.0.target": "HTTP:8200/v1/sys/health",
                            "health_check.0.timeout": "5",
                            "health_check.0.unhealthy_threshold": "3",
                            "id": "vault",
                            "idle_timeout": "60",
                            "instances.#": "0",
                            "internal": "true",
                            "listener.#": "2",
                            "listener.2355508663.instance_port": "8200",
                            "listener.2355508663.instance_protocol": "tcp",
                            "listener.2355508663.lb_port": "443",
                            "listener.2355508663.lb_protocol": "tcp",
                            "listener.2355508663.ssl_certificate_id": "",
                            "listener.3383204430.instance_port": "8200",
                            "listener.3383204430.instance_protocol": "tcp",
                            "listener.3383204430.lb_port": "80",
                            "listener.3383204430.lb_protocol": "tcp",
                            "listener.3383204430.ssl_certificate_id": "",
                            "name": "vault",
                            "security_groups.#": "1",
                            "security_groups.1535400757": "sg-0d226a4514f4cacf8",
                            "source_security_group": "728403742088/vault-elb",
                            "source_security_group_id": "sg-0d226a4514f4cacf8",
                            "subnets.#": "1",
                            "subnets.475619028": "subnet-762f8a2a",
                            "tags.%": "0",
                            "zone_id": "Z35SXDOTRQ7X7K"
                        },
                        "meta": {},
                        "tainted": false
                    },
                    "deposed": [],
                    "provider": "provider.aws"
                },
                "aws_launch_configuration.vault": {
                    "type": "aws_launch_configuration",
                    "depends_on": [
                        "aws_security_group.vault",
                        "template_file.install"
                    ],
                    "primary": {
                        "id": "terraform-20190401180437635700000001",
                        "attributes": {
                            "associate_public_ip_address": "false",
                            "ebs_block_device.#": "0",
                            "ebs_optimized": "false",
                            "enable_monitoring": "true",
                            "ephemeral_block_device.#": "0",
                            "iam_instance_profile": "",
                            "id": "terraform-20190401180437635700000001",
                            "image_id": "ami-0ec3600483abd26e0",
                            "instance_type": "t2.micro",
                            "key_name": "vault_test",
                            "name": "terraform-20190401180437635700000001",
                            "root_block_device.#": "0",
                            "security_groups.#": "1",
                            "security_groups.1762609490": "sg-0bf4829db016db812",
                            "spot_price": "",
                            "user_data": "dbdff7ca6850c0de0c9fec7bda2e7af1555103e0",
                            "vpc_classic_link_id": "",
                            "vpc_classic_link_security_groups.#": "0"
                        },
                        "meta": {},
                        "tainted": false
                    },
                    "deposed": [],
                    "provider": "provider.aws"
                },
                "aws_security_group.elb": {
                    "type": "aws_security_group",
                    "depends_on": [],
                    "primary": {
                        "id": "sg-0d226a4514f4cacf8",
                        "attributes": {
                            "arn": "arn:aws:ec2:us-east-1:728403742088:security-group/sg-0d226a4514f4cacf8",
                            "description": "Vault ELB",
                            "egress.#": "0",
                            "id": "sg-0d226a4514f4cacf8",
                            "ingress.#": "0",
                            "name": "vault-elb",
                            "owner_id": "728403742088",
                            "revoke_rules_on_delete": "false",
                            "tags.%": "0",
                            "vpc_id": "vpc-53f91529"
                        },
                        "meta": {
                            "e2bfb730-ecaa-11e6-8f88-34363bc7c4c0": {
                                "create": 600000000000,
                                "delete": 600000000000
                            },
                            "schema_version": "1"
                        },
                        "tainted": false
                    },
                    "deposed": [],
                    "provider": "provider.aws"
                },
                "aws_security_group.vault": {
                    "type": "aws_security_group",
                    "depends_on": [],
                    "primary": {
                        "id": "sg-0bf4829db016db812",
                        "attributes": {
                            "arn": "arn:aws:ec2:us-east-1:728403742088:security-group/sg-0bf4829db016db812",
                            "description": "Vault servers",
                            "egress.#": "0",
                            "id": "sg-0bf4829db016db812",
                            "ingress.#": "0",
                            "name": "vault",
                            "owner_id": "728403742088",
                            "revoke_rules_on_delete": "false",
                            "tags.%": "0",
                            "vpc_id": "vpc-53f91529"
                        },
                        "meta": {
                            "e2bfb730-ecaa-11e6-8f88-34363bc7c4c0": {
                                "create": 600000000000,
                                "delete": 600000000000
                            },
                            "schema_version": "1"
                        },
                        "tainted": false
                    },
                    "deposed": [],
                    "provider": "provider.aws"
                },
                "aws_security_group_rule.vault-egress": {
                    "type": "aws_security_group_rule",
                    "depends_on": [
                        "aws_security_group.vault"
                    ],
                    "primary": {
                        "id": "sgrule-3015302618",
                        "attributes": {
                            "cidr_blocks.#": "1",
                            "cidr_blocks.0": "0.0.0.0/0",
                            "from_port": "0",
                            "id": "sgrule-3015302618",
                            "protocol": "-1",
                            "security_group_id": "sg-0bf4829db016db812",
                            "self": "false",
                            "to_port": "0",
                            "type": "egress"
                        },
                        "meta": {
                            "schema_version": "2"
                        },
                        "tainted": false
                    },
                    "deposed": [],
                    "provider": "provider.aws"
                },
                "aws_security_group_rule.vault-elb-egress": {
                    "type": "aws_security_group_rule",
                    "depends_on": [
                        "aws_security_group.elb"
                    ],
                    "primary": {
                        "id": "sgrule-3584565973",
                        "attributes": {
                            "cidr_blocks.#": "1",
                            "cidr_blocks.0": "0.0.0.0/0",
                            "from_port": "0",
                            "id": "sgrule-3584565973",
                            "protocol": "-1",
                            "security_group_id": "sg-0d226a4514f4cacf8",
                            "self": "false",
                            "to_port": "0",
                            "type": "egress"
                        },
                        "meta": {
                            "schema_version": "2"
                        },
                        "tainted": false
                    },
                    "deposed": [],
                    "provider": "provider.aws"
                },
                "aws_security_group_rule.vault-elb-http": {
                    "type": "aws_security_group_rule",
                    "depends_on": [
                        "aws_security_group.elb"
                    ],
                    "primary": {
                        "id": "sgrule-1497790300",
                        "attributes": {
                            "cidr_blocks.#": "1",
                            "cidr_blocks.0": "0.0.0.0/0",
                            "from_port": "80",
                            "id": "sgrule-1497790300",
                            "protocol": "tcp",
                            "security_group_id": "sg-0d226a4514f4cacf8",
                            "self": "false",
                            "to_port": "80",
                            "type": "ingress"
                        },
                        "meta": {
                            "schema_version": "2"
                        },
                        "tainted": false
                    },
                    "deposed": [],
                    "provider": "provider.aws"
                },
                "aws_security_group_rule.vault-elb-https": {
                    "type": "aws_security_group_rule",
                    "depends_on": [
                        "aws_security_group.elb"
                    ],
                    "primary": {
                        "id": "sgrule-2118962547",
                        "attributes": {
                            "cidr_blocks.#": "1",
                            "cidr_blocks.0": "0.0.0.0/0",
                            "from_port": "443",
                            "id": "sgrule-2118962547",
                            "protocol": "tcp",
                            "security_group_id": "sg-0d226a4514f4cacf8",
                            "self": "false",
                            "to_port": "443",
                            "type": "ingress"
                        },
                        "meta": {
                            "schema_version": "2"
                        },
                        "tainted": false
                    },
                    "deposed": [],
                    "provider": "provider.aws"
                },
                "aws_security_group_rule.vault-http-api": {
                    "type": "aws_security_group_rule",
                    "depends_on": [
                        "aws_security_group.vault"
                    ],
                    "primary": {
                        "id": "sgrule-579775184",
                        "attributes": {
                            "cidr_blocks.#": "1",
                            "cidr_blocks.0": "0.0.0.0/0",
                            "from_port": "8200",
                            "id": "sgrule-579775184",
                            "protocol": "tcp",
                            "security_group_id": "sg-0bf4829db016db812",
                            "self": "false",
                            "to_port": "8200",
                            "type": "ingress"
                        },
                        "meta": {
                            "schema_version": "2"
                        },
                        "tainted": false
                    },
                    "deposed": [],
                    "provider": "provider.aws"
                },
                "aws_security_group_rule.vault-ssh": {
                    "type": "aws_security_group_rule",
                    "depends_on": [
                        "aws_security_group.vault"
                    ],
                    "primary": {
                        "id": "sgrule-2049057190",
                        "attributes": {
                            "cidr_blocks.#": "1",
                            "cidr_blocks.0": "0.0.0.0/0",
                            "from_port": "22",
                            "id": "sgrule-2049057190",
                            "protocol": "tcp",
                            "security_group_id": "sg-0bf4829db016db812",
                            "self": "false",
                            "to_port": "22",
                            "type": "ingress"
                        },
                        "meta": {
                            "schema_version": "2"
                        },
                        "tainted": false
                    },
                    "deposed": [],
                    "provider": "provider.aws"
                },
                "template_file.install": {
                    "type": "template_file",
                    "depends_on": [],
                    "primary": {
                        "id": "a3997c50c142fe5b1e23e26d2a0acba80f61be682bff70431defaf907163e256",
                        "attributes": {
                            "id": "a3997c50c142fe5b1e23e26d2a0acba80f61be682bff70431defaf907163e256",
                            "rendered": "#!/usr/bin/env bash\nset -e\n\n# Install packages\nsudo yum install -y unzip git\n\necho \"DownLoad URL :: \"https://releases.hashicorp.com/vault\necho \"DownLoad URL :: \"$download_url\n\n\nmkdir /var/tmp/vault\ncd /var/tmp/vault\n# Download Vault into some temporary directory\nsudo wget \"https://releases.hashicorp.com/vault/1.1.0/vault_1.1.0_linux_amd64.zip\"\n\n# Unzip it\nsudo unzip *.zip -d .\nsudo cp vault /usr/bin/\nsudo chmod 0755 /usr/bin/vault\nsudo chown root:root /usr/bin/vault\n\nsudo mkdir /etc/vault\nsudo mkdir /vault-data\nsudo mkdir -p /logs/vault/\n\n# Setup the configuration\n/usr/bin/git init\n/usr/bin/git config core.sparsecheckout true\n/usr/bin/git remote add -f origin  https://github.com/TeraThink/vault.git\necho \"terraform/aws/vault/inputfiles/*\" \u003e .git/info/sparse-checkout\necho \"terraform/aws/vault/runtimescripts/*\" \u003e\u003e .git/info/sparse-checkout\nsleep 0.001\n/usr/bin/git pull origin master\nsleep 0.001\n\n\nsudo cp terraform/aws/vault/inputfiles/demoEnv/config.json /etc/vault/config.json\nsudo cp terraform/aws/vault/inputfiles/demoEnv/vault.service /etc/systemd/system/\nsudo chmod 700 terraform/aws/vault/runtimescripts/ipadd.sh\nsleep 1\nsudo terraform/aws/vault/runtimescripts/ipadd.sh /etc/vault/config.json\nsleep 1\n\nsleep 0.001\nsudo nohup systemctl start vault.service\n#1\u003e /logs/vault/vaultstartup.out 2\u003e /logs/vault/vaultstartup.err \u0026\n#sudo nohup systemctl start vault.service  \u003e /logs/vault/vaultstartup.log \u0026\nsleep 100\nsudo systemctl enable vault.service\nsleep 10\nexport VAULT_ADDR=http://127.0.0.1:8200\nsleep 10\n/usr/bin/vault operator init \u003e /etc/vault/init.file\n# three times\nsleep 10\n\ncat /etc/vault/init.file | grep 'Unseal Key 1:' | cut -d: -f2 | xargs /usr/bin/vault operator unseal\ncat /etc/vault/init.file | grep 'Unseal Key 2:' | cut -d: -f2 | xargs /usr/bin/vault operator unseal\ncat /etc/vault/init.file | grep 'Unseal Key 3:' | cut -d: -f2 | xargs /usr/bin/vault operator unseal\n",
                            "template": "#!/usr/bin/env bash\nset -e\n\n# Install packages\nsudo yum install -y unzip git\n\necho \"DownLoad URL :: \"${download_url}\necho \"DownLoad URL :: \"$download_url\n\n\nmkdir /var/tmp/vault\ncd /var/tmp/vault\n# Download Vault into some temporary directory\nsudo wget \"${download_url}/${vaultversion}/${vaultzipfile}\"\n\n# Unzip it\nsudo unzip *.zip -d .\nsudo cp vault /usr/bin/\nsudo chmod 0755 /usr/bin/vault\nsudo chown root:root /usr/bin/vault\n\nsudo mkdir /etc/vault\nsudo mkdir /vault-data\nsudo mkdir -p /logs/vault/\n\n# Setup the configuration\n/usr/bin/git init\n/usr/bin/git config core.sparsecheckout true\n/usr/bin/git remote add -f origin  https://github.com/TeraThink/vault.git\necho \"terraform/aws/vault/inputfiles/*\" \u003e .git/info/sparse-checkout\necho \"terraform/aws/vault/runtimescripts/*\" \u003e\u003e .git/info/sparse-checkout\nsleep 0.001\n/usr/bin/git pull origin master\nsleep 0.001\n\n\nsudo cp terraform/aws/vault/inputfiles/demoEnv/config.json /etc/vault/config.json\nsudo cp terraform/aws/vault/inputfiles/demoEnv/vault.service /etc/systemd/system/\nsudo chmod 700 terraform/aws/vault/runtimescripts/ipadd.sh\nsleep 1\nsudo terraform/aws/vault/runtimescripts/ipadd.sh /etc/vault/config.json\nsleep 1\n\nsleep 0.001\nsudo nohup systemctl start vault.service\n#1\u003e /logs/vault/vaultstartup.out 2\u003e /logs/vault/vaultstartup.err \u0026\n#sudo nohup systemctl start vault.service  \u003e /logs/vault/vaultstartup.log \u0026\nsleep 100\nsudo systemctl enable vault.service\nsleep 10\nexport VAULT_ADDR=http://127.0.0.1:8200\nsleep 10\n/usr/bin/vault operator init \u003e /etc/vault/init.file\n# three times\nsleep 10\n\ncat /etc/vault/init.file | grep 'Unseal Key 1:' | cut -d: -f2 | xargs /usr/bin/vault operator unseal\ncat /etc/vault/init.file | grep 'Unseal Key 2:' | cut -d: -f2 | xargs /usr/bin/vault operator unseal\ncat /etc/vault/init.file | grep 'Unseal Key 3:' | cut -d: -f2 | xargs /usr/bin/vault operator unseal\n",
                            "vars.%": "4",
                            "vars.download_url": "https://releases.hashicorp.com/vault",
                            "vars.extra-install": "",
                            "vars.vaultversion": "1.1.0",
                            "vars.vaultzipfile": "vault_1.1.0_linux_amd64.zip"
                        },
                        "meta": {},
                        "tainted": false
                    },
                    "deposed": [],
                    "provider": "provider.template"
                }
            },
            "depends_on": []
        }
    ]
}
