{
    "version": 3,
    "terraform_version": "0.11.13",
    "serial": 40,
    "lineage": "2ed13635-b085-9e1c-1532-f84a3fba5ef3",
    "modules": [
        {
            "path": [
                "root"
            ],
            "outputs": {
                "asg_name_clients": {
                    "sensitive": false,
                    "type": "string",
                    "value": "consul-client20190328145218389100000009"
                },
                "asg_name_servers": {
                    "sensitive": false,
                    "type": "string",
                    "value": "consul-server2019032814521948410000000a"
                },
                "aws_region": {
                    "sensitive": false,
                    "type": "string",
                    "value": "us-east-1"
                },
                "consul_servers_cluster_tag_key": {
                    "sensitive": false,
                    "type": "string",
                    "value": "consul-servers"
                },
                "consul_servers_cluster_tag_value": {
                    "sensitive": false,
                    "type": "string",
                    "value": "consul"
                },
                "iam_role_arn_clients": {
                    "sensitive": false,
                    "type": "string",
                    "value": "arn:aws:iam::728403742088:role/consul-client20190328145205634400000001"
                },
                "iam_role_arn_servers": {
                    "sensitive": false,
                    "type": "string",
                    "value": "arn:aws:iam::728403742088:role/consul-server20190328145205634600000002"
                },
                "iam_role_id_clients": {
                    "sensitive": false,
                    "type": "string",
                    "value": "consul-client20190328145205634400000001"
                },
                "iam_role_id_servers": {
                    "sensitive": false,
                    "type": "string",
                    "value": "consul-server20190328145205634600000002"
                },
                "launch_config_name_clients": {
                    "sensitive": false,
                    "type": "string",
                    "value": "consul-client-20190328145212788900000008"
                },
                "launch_config_name_servers": {
                    "sensitive": false,
                    "type": "string",
                    "value": "consul-server-20190328145207876100000007"
                },
                "num_clients": {
                    "sensitive": false,
                    "type": "string",
                    "value": "4"
                },
                "num_servers": {
                    "sensitive": false,
                    "type": "string",
                    "value": "2"
                },
                "security_group_id_clients": {
                    "sensitive": false,
                    "type": "string",
                    "value": "sg-0c472b54f9b5495c6"
                },
                "security_group_id_servers": {
                    "sensitive": false,
                    "type": "string",
                    "value": "sg-05b8e560e77dd0337"
                }
            },
            "resources": {
                "data.aws_region.current": {
                    "type": "aws_region",
                    "depends_on": [],
                    "primary": {
                        "id": "us-east-1",
                        "attributes": {
                            "description": "US East (N. Virginia)",
                            "endpoint": "ec2.us-east-1.amazonaws.com",
                            "id": "us-east-1",
                            "name": "us-east-1"
                        },
                        "meta": {},
                        "tainted": false
                    },
                    "deposed": [],
                    "provider": "provider.aws"
                },
                "data.aws_vpc.default": {
                    "type": "aws_vpc",
                    "depends_on": [],
                    "primary": {
                        "id": "vpc-53f91529",
                        "attributes": {
                            "arn": "arn:aws:ec2:us-east-1:728403742088:vpc/vpc-53f91529",
                            "cidr_block": "172.31.0.0/16",
                            "cidr_block_associations.#": "1",
                            "cidr_block_associations.0.association_id": "vpc-cidr-assoc-2c837e40",
                            "cidr_block_associations.0.cidr_block": "172.31.0.0/16",
                            "cidr_block_associations.0.state": "associated",
                            "default": "true",
                            "dhcp_options_id": "dopt-7ded6206",
                            "enable_dns_hostnames": "true",
                            "enable_dns_support": "true",
                            "id": "vpc-53f91529",
                            "instance_tenancy": "default",
                            "main_route_table_id": "rtb-2317b35c",
                            "owner_id": "728403742088",
                            "state": "available",
                            "tags.%": "0"
                        },
                        "meta": {},
                        "tainted": false
                    },
                    "deposed": [],
                    "provider": "provider.aws"
                },
                "data.template_file.user_data_client": {
                    "type": "template_file",
                    "depends_on": [],
                    "primary": {
                        "id": "0a8c2303017c14c3ccd60dbbc04d0fedb21c74f29661464f55ec9b54eb5768a2",
                        "attributes": {
                            "id": "0a8c2303017c14c3ccd60dbbc04d0fedb21c74f29661464f55ec9b54eb5768a2",
                            "rendered": "#!/usr/bin/env bash\nset -e\n\necho \"Passed Vars test 11:: \"consul-servers\necho \"Passed Vars test 22:: \"consul\n\necho \"Passed Vars test 33:: \"$1\necho \"Passed Vars test 44:: \"$2\n\n\ncluster_tag_key=\"consul-servers\"\ncluster_tag_value=\"consul\"\n\n\n# Install packages\nsudo yum install -y unzip git\n\n\nmkdir /var/tmp/consul\ncd /var/tmp/consul\n# Download Vault into directory\ncurl -L \"https://releases.hashicorp.com/consul/1.4.4/consul_1.4.4_linux_amd64.zip\" \u003e /var/tmp/consul/consul.zip\n\nsudo unzip *.zip -d .\n\n# Setup the configuration\n/usr/bin/git init\n/usr/bin/git config core.sparsecheckout true\n/usr/bin/git remote add -f origin  https://github.com/TeraThink/vault.git\necho \"terraform/aws/consul/inputfiles/*\" \u003e .git/info/sparse-checkout\necho \"terraform/aws/consul/runtimescripts/*\" \u003e\u003e .git/info/sparse-checkout\nsleep 0.001\n/usr/bin/git pull origin master\nsleep 0.001\n\n\nsudo mv consul /usr/local/bin\nsudo mkdir -p /etc/consul/config /logs/consul/ /etc/consul/data\n\nsudo cp terraform/aws/consul/inputfiles/demoEnv/consul.json.raw /etc/consul/config/consul.json.raw\nsudo cp terraform/aws/consul/inputfiles/demoEnv/consul.service /etc/systemd/system/\nsudo chmod 700 terraform/aws/consul/runtimescripts/ipadd.sh\nsleep 1\nsudo terraform/aws/consul/runtimescripts/ipadd.sh /etc/consul/config/consul.json.raw false $cluster_tag_key $cluster_tag_value false 0\n\nsudo rm -rf /etc/consul/config/consul.json.raw\n\nsleep 0.001\nsudo nohup systemctl start consul.service\n#1\u003e /logs/vault/vaultstartup.out 2\u003e /logs/vault/vaultstartup.err \u0026\n#sudo nohup systemctl start vault.service  \u003e /logs/vault/vaultstartup.log \u0026\nsleep 50\nsudo systemctl enable consul.service\nsleep 10\n\n#systemctl reload-configuration\n\n\n# ./consul agent -server -data-dir=/var/tmp/consul -client=0.0.0.0 -bind 127.0.0.1 -datacenter=AWS_REGION -bootstrap-expect=3 -ui\n",
                            "template": "#!/usr/bin/env bash\nset -e\n\necho \"Passed Vars test 11:: \"${cluster_tag_key}\necho \"Passed Vars test 22:: \"${cluster_tag_value}\n\necho \"Passed Vars test 33:: \"$1\necho \"Passed Vars test 44:: \"$2\n\n\ncluster_tag_key=\"consul-servers\"\ncluster_tag_value=\"consul\"\n\n\n# Install packages\nsudo yum install -y unzip git\n\n\nmkdir /var/tmp/consul\ncd /var/tmp/consul\n# Download Vault into directory\ncurl -L \"https://releases.hashicorp.com/consul/1.4.4/consul_1.4.4_linux_amd64.zip\" \u003e /var/tmp/consul/consul.zip\n\nsudo unzip *.zip -d .\n\n# Setup the configuration\n/usr/bin/git init\n/usr/bin/git config core.sparsecheckout true\n/usr/bin/git remote add -f origin  https://github.com/TeraThink/vault.git\necho \"terraform/aws/consul/inputfiles/*\" \u003e .git/info/sparse-checkout\necho \"terraform/aws/consul/runtimescripts/*\" \u003e\u003e .git/info/sparse-checkout\nsleep 0.001\n/usr/bin/git pull origin master\nsleep 0.001\n\n\nsudo mv consul /usr/local/bin\nsudo mkdir -p /etc/consul/config /logs/consul/ /etc/consul/data\n\nsudo cp terraform/aws/consul/inputfiles/demoEnv/consul.json.raw /etc/consul/config/consul.json.raw\nsudo cp terraform/aws/consul/inputfiles/demoEnv/consul.service /etc/systemd/system/\nsudo chmod 700 terraform/aws/consul/runtimescripts/ipadd.sh\nsleep 1\nsudo terraform/aws/consul/runtimescripts/ipadd.sh /etc/consul/config/consul.json.raw false $cluster_tag_key $cluster_tag_value false 0\n\nsudo rm -rf /etc/consul/config/consul.json.raw\n\nsleep 0.001\nsudo nohup systemctl start consul.service\n#1\u003e /logs/vault/vaultstartup.out 2\u003e /logs/vault/vaultstartup.err \u0026\n#sudo nohup systemctl start vault.service  \u003e /logs/vault/vaultstartup.log \u0026\nsleep 50\nsudo systemctl enable consul.service\nsleep 10\n\n#systemctl reload-configuration\n\n\n# ./consul agent -server -data-dir=/var/tmp/consul -client=0.0.0.0 -bind 127.0.0.1 -datacenter=AWS_REGION -bootstrap-expect=3 -ui\n",
                            "vars.%": "2",
                            "vars.cluster_tag_key": "consul-servers",
                            "vars.cluster_tag_value": "consul"
                        },
                        "meta": {},
                        "tainted": false
                    },
                    "deposed": [],
                    "provider": "provider.template"
                },
                "data.template_file.user_data_server": {
                    "type": "template_file",
                    "depends_on": [],
                    "primary": {
                        "id": "9f0123bf74ced2e44cb542ab453565fa10f14d3efef7ce64526c888c9cf05d92",
                        "attributes": {
                            "id": "9f0123bf74ced2e44cb542ab453565fa10f14d3efef7ce64526c888c9cf05d92",
                            "rendered": "#!/usr/bin/env bash\nset -e\n\necho \"Passed Vars test 11:: \"consul-servers\necho \"Passed Vars test 22:: \"consul\n\necho \"Passed Vars test 33:: \"$1\necho \"Passed Vars test 44:: \"$2\n\ncluster_tag_key=\"consul-servers\"\ncluster_tag_value=\"consul\"\n\n\n# Install packages\nsudo yum install -y unzip git\n\n\nmkdir /var/tmp/consul\ncd /var/tmp/consul\n# Download Vault into directory\ncurl -L \"https://releases.hashicorp.com/consul/1.4.4/consul_1.4.4_linux_amd64.zip\" \u003e /var/tmp/consul/consul.zip\n\nsudo unzip *.zip -d .\n\n# Setup the configuration\n/usr/bin/git init\n/usr/bin/git config core.sparsecheckout true\n/usr/bin/git remote add -f origin  https://github.com/TeraThink/vault.git\necho \"terraform/aws/consul/inputfiles/*\" \u003e .git/info/sparse-checkout\necho \"terraform/aws/consul/runtimescripts/*\" \u003e\u003e .git/info/sparse-checkout\nsleep 0.001\n/usr/bin/git pull origin master\nsleep 0.001\n\n\nsudo mv consul /usr/local/bin\nsudo mkdir -p /etc/consul/config /logs/consul/ /etc/consul/data\n\nsudo cp terraform/aws/consul/inputfiles/demoEnv/consul.json.raw /etc/consul/config/consul.json.raw\nsudo cp terraform/aws/consul/inputfiles/demoEnv/consul.service /etc/systemd/system/\nsudo chmod 700 terraform/aws/consul/runtimescripts/ipadd.sh\nsleep 0.001\nsudo terraform/aws/consul/runtimescripts/ipadd.sh /etc/consul/config/consul.json.raw true $cluster_tag_key $cluster_tag_value true 2\nsleep 0.001\n\nsudo rm -rf /etc/consul/config/consul.json.raw\n\nsudo nohup systemctl start consul.service\n#1\u003e /logs/vault/vaultstartup.out 2\u003e /logs/vault/vaultstartup.err \u0026\n#sudo nohup systemctl start vault.service  \u003e /logs/vault/vaultstartup.log \u0026\nsleep 50\nsudo systemctl enable consul.service\nsleep 10\n\n# ./consul agent -server -data-dir=/var/tmp/consul -client=0.0.0.0 -bind 127.0.0.1 -datacenter=AWS_REGION -bootstrap-expect=3 -ui\n",
                            "template": "#!/usr/bin/env bash\nset -e\n\necho \"Passed Vars test 11:: \"${cluster_tag_key}\necho \"Passed Vars test 22:: \"${cluster_tag_value}\n\necho \"Passed Vars test 33:: \"$1\necho \"Passed Vars test 44:: \"$2\n\ncluster_tag_key=\"consul-servers\"\ncluster_tag_value=\"consul\"\n\n\n# Install packages\nsudo yum install -y unzip git\n\n\nmkdir /var/tmp/consul\ncd /var/tmp/consul\n# Download Vault into directory\ncurl -L \"https://releases.hashicorp.com/consul/1.4.4/consul_1.4.4_linux_amd64.zip\" \u003e /var/tmp/consul/consul.zip\n\nsudo unzip *.zip -d .\n\n# Setup the configuration\n/usr/bin/git init\n/usr/bin/git config core.sparsecheckout true\n/usr/bin/git remote add -f origin  https://github.com/TeraThink/vault.git\necho \"terraform/aws/consul/inputfiles/*\" \u003e .git/info/sparse-checkout\necho \"terraform/aws/consul/runtimescripts/*\" \u003e\u003e .git/info/sparse-checkout\nsleep 0.001\n/usr/bin/git pull origin master\nsleep 0.001\n\n\nsudo mv consul /usr/local/bin\nsudo mkdir -p /etc/consul/config /logs/consul/ /etc/consul/data\n\nsudo cp terraform/aws/consul/inputfiles/demoEnv/consul.json.raw /etc/consul/config/consul.json.raw\nsudo cp terraform/aws/consul/inputfiles/demoEnv/consul.service /etc/systemd/system/\nsudo chmod 700 terraform/aws/consul/runtimescripts/ipadd.sh\nsleep 0.001\nsudo terraform/aws/consul/runtimescripts/ipadd.sh /etc/consul/config/consul.json.raw true $cluster_tag_key $cluster_tag_value true 2\nsleep 0.001\n\nsudo rm -rf /etc/consul/config/consul.json.raw\n\nsudo nohup systemctl start consul.service\n#1\u003e /logs/vault/vaultstartup.out 2\u003e /logs/vault/vaultstartup.err \u0026\n#sudo nohup systemctl start vault.service  \u003e /logs/vault/vaultstartup.log \u0026\nsleep 50\nsudo systemctl enable consul.service\nsleep 10\n\n# ./consul agent -server -data-dir=/var/tmp/consul -client=0.0.0.0 -bind 127.0.0.1 -datacenter=AWS_REGION -bootstrap-expect=3 -ui\n",
                            "vars.%": "2",
                            "vars.cluster_tag_key": "consul-servers",
                            "vars.cluster_tag_value": "consul"
                        },
                        "meta": {},
                        "tainted": false
                    },
                    "deposed": [],
                    "provider": "provider.template"
                }
            },
            "depends_on": []
        },
        {
            "path": [
                "root",
                "consul_clients"
            ],
            "outputs": {
                "asg_name": {
                    "sensitive": false,
                    "type": "string",
                    "value": "consul-client20190328145218389100000009"
                },
                "cluster_size": {
                    "sensitive": false,
                    "type": "string",
                    "value": "4"
                },
                "cluster_tag_key": {
                    "sensitive": false,
                    "type": "string",
                    "value": "consul-servers"
                },
                "cluster_tag_value": {
                    "sensitive": false,
                    "type": "string",
                    "value": "consul"
                },
                "iam_role_arn": {
                    "sensitive": false,
                    "type": "string",
                    "value": "arn:aws:iam::728403742088:role/consul-client20190328145205634400000001"
                },
                "iam_role_id": {
                    "sensitive": false,
                    "type": "string",
                    "value": "consul-client20190328145205634400000001"
                },
                "launch_config_name": {
                    "sensitive": false,
                    "type": "string",
                    "value": "consul-client-20190328145212788900000008"
                },
                "security_group_id": {
                    "sensitive": false,
                    "type": "string",
                    "value": "sg-0c472b54f9b5495c6"
                }
            },
            "resources": {
                "aws_autoscaling_group.autoscaling_group": {
                    "type": "aws_autoscaling_group",
                    "depends_on": [
                        "aws_launch_configuration.launch_configuration"
                    ],
                    "primary": {
                        "id": "consul-client20190328145218389100000009",
                        "attributes": {
                            "arn": "arn:aws:autoscaling:us-east-1:728403742088:autoScalingGroup:f4e31b81-c5ed-46b4-a9a4-6c52f028cb9f:autoScalingGroupName/consul-client20190328145218389100000009",
                            "availability_zones.#": "1",
                            "availability_zones.3569565595": "us-east-1a",
                            "default_cooldown": "300",
                            "desired_capacity": "4",
                            "enabled_metrics.#": "0",
                            "force_delete": "false",
                            "health_check_grace_period": "300",
                            "health_check_type": "EC2",
                            "id": "consul-client20190328145218389100000009",
                            "launch_configuration": "consul-client-20190328145212788900000008",
                            "launch_template.#": "0",
                            "load_balancers.#": "0",
                            "max_size": "4",
                            "metrics_granularity": "1Minute",
                            "min_size": "4",
                            "mixed_instances_policy.#": "0",
                            "name": "consul-client20190328145218389100000009",
                            "name_prefix": "consul-client",
                            "placement_group": "",
                            "protect_from_scale_in": "false",
                            "service_linked_role_arn": "arn:aws:iam::728403742088:role/aws-service-role/autoscaling.amazonaws.com/AWSServiceRoleForAutoScaling",
                            "suspended_processes.#": "0",
                            "tags.#": "2",
                            "tags.0.%": "3",
                            "tags.0.key": "Name",
                            "tags.0.propagate_at_launch": "1",
                            "tags.0.value": "consul-client",
                            "tags.1.%": "3",
                            "tags.1.key": "consul-servers",
                            "tags.1.propagate_at_launch": "1",
                            "tags.1.value": "consul",
                            "target_group_arns.#": "0",
                            "termination_policies.#": "1",
                            "termination_policies.0": "Default",
                            "vpc_zone_identifier.#": "1",
                            "vpc_zone_identifier.475619028": "subnet-762f8a2a",
                            "wait_for_capacity_timeout": "10m"
                        },
                        "meta": {
                            "e2bfb730-ecaa-11e6-8f88-34363bc7c4c0": {
                                "delete": 600000000000
                            }
                        },
                        "tainted": false
                    },
                    "deposed": [],
                    "provider": "provider.aws"
                },
                "aws_iam_instance_profile.instance_profile": {
                    "type": "aws_iam_instance_profile",
                    "depends_on": [
                        "aws_iam_role.instance_role.*"
                    ],
                    "primary": {
                        "id": "consul-client20190328145205890100000005",
                        "attributes": {
                            "arn": "arn:aws:iam::728403742088:instance-profile/consul-client20190328145205890100000005",
                            "create_date": "2019-03-28T14:52:05Z",
                            "id": "consul-client20190328145205890100000005",
                            "name": "consul-client20190328145205890100000005",
                            "name_prefix": "consul-client",
                            "path": "/",
                            "role": "consul-client20190328145205634400000001",
                            "roles.#": "0",
                            "unique_id": "AIPA2TGB7BWEIDEKHKDXM"
                        },
                        "meta": {},
                        "tainted": false
                    },
                    "deposed": [],
                    "provider": "provider.aws"
                },
                "aws_iam_role.instance_role": {
                    "type": "aws_iam_role",
                    "depends_on": [
                        "data.aws_iam_policy_document.instance_role"
                    ],
                    "primary": {
                        "id": "consul-client20190328145205634400000001",
                        "attributes": {
                            "arn": "arn:aws:iam::728403742088:role/consul-client20190328145205634400000001",
                            "assume_role_policy": "{\"Version\":\"2012-10-17\",\"Statement\":[{\"Sid\":\"\",\"Effect\":\"Allow\",\"Principal\":{\"Service\":\"ec2.amazonaws.com\"},\"Action\":\"sts:AssumeRole\"}]}",
                            "create_date": "2019-03-28T14:52:05Z",
                            "description": "",
                            "force_detach_policies": "false",
                            "id": "consul-client20190328145205634400000001",
                            "max_session_duration": "3600",
                            "name": "consul-client20190328145205634400000001",
                            "name_prefix": "consul-client",
                            "path": "/",
                            "tags.%": "0",
                            "unique_id": "AROA2TGB7BWEHELEPYRKP"
                        },
                        "meta": {},
                        "tainted": false
                    },
                    "deposed": [],
                    "provider": "provider.aws"
                },
                "aws_launch_configuration.launch_configuration": {
                    "type": "aws_launch_configuration",
                    "depends_on": [
                        "aws_iam_instance_profile.instance_profile.*",
                        "aws_security_group.lc_security_group"
                    ],
                    "primary": {
                        "id": "consul-client-20190328145212788900000008",
                        "attributes": {
                            "associate_public_ip_address": "false",
                            "ebs_block_device.#": "0",
                            "ebs_optimized": "false",
                            "enable_monitoring": "true",
                            "ephemeral_block_device.#": "0",
                            "iam_instance_profile": "consul-client20190328145205890100000005",
                            "id": "consul-client-20190328145212788900000008",
                            "image_id": "ami-0ec3600483abd26e0",
                            "instance_type": "t2.micro",
                            "key_name": "vault_test",
                            "name": "consul-client-20190328145212788900000008",
                            "name_prefix": "consul-client-",
                            "root_block_device.#": "1",
                            "root_block_device.0.delete_on_termination": "true",
                            "root_block_device.0.iops": "0",
                            "root_block_device.0.volume_size": "100",
                            "root_block_device.0.volume_type": "standard",
                            "security_groups.#": "1",
                            "security_groups.1562272841": "sg-0c472b54f9b5495c6",
                            "spot_price": "",
                            "user_data": "0dc79bf6546e633e5e7b152b8b26dde36e470e67",
                            "vpc_classic_link_id": "",
                            "vpc_classic_link_security_groups.#": "0"
                        },
                        "meta": {},
                        "tainted": false
                    },
                    "deposed": [],
                    "provider": "provider.aws"
                },
                "aws_security_group.lc_security_group": {
                    "type": "aws_security_group",
                    "depends_on": [],
                    "primary": {
                        "id": "sg-0c472b54f9b5495c6",
                        "attributes": {
                            "arn": "arn:aws:ec2:us-east-1:728403742088:security-group/sg-0c472b54f9b5495c6",
                            "description": "Security group for the consul-client launch configuration",
                            "egress.#": "0",
                            "id": "sg-0c472b54f9b5495c6",
                            "ingress.#": "0",
                            "name": "consul-client20190328145205634600000004",
                            "name_prefix": "consul-client",
                            "owner_id": "728403742088",
                            "revoke_rules_on_delete": "false",
                            "tags.%": "1",
                            "tags.Name": "consul-client",
                            "vpc_id": "vpc-53f91529"
                        },
                        "meta": {
                            "e2bfb730-ecaa-11e6-8f88-34363bc7c4c0": {
                                "create": 600000000000,
                                "delete": 600000000000
                            },
                            "schema_version": "1"
                        },
                        "tainted": false
                    },
                    "deposed": [],
                    "provider": "provider.aws"
                },
                "aws_security_group_rule.allow_all_outbound": {
                    "type": "aws_security_group_rule",
                    "depends_on": [
                        "aws_security_group.lc_security_group"
                    ],
                    "primary": {
                        "id": "sgrule-3069287033",
                        "attributes": {
                            "cidr_blocks.#": "1",
                            "cidr_blocks.0": "0.0.0.0/0",
                            "from_port": "0",
                            "id": "sgrule-3069287033",
                            "protocol": "-1",
                            "security_group_id": "sg-0c472b54f9b5495c6",
                            "self": "false",
                            "to_port": "0",
                            "type": "egress"
                        },
                        "meta": {
                            "schema_version": "2"
                        },
                        "tainted": false
                    },
                    "deposed": [],
                    "provider": "provider.aws"
                },
                "aws_security_group_rule.allow_ssh_inbound": {
                    "type": "aws_security_group_rule",
                    "depends_on": [
                        "aws_security_group.lc_security_group"
                    ],
                    "primary": {
                        "id": "sgrule-4104621391",
                        "attributes": {
                            "cidr_blocks.#": "1",
                            "cidr_blocks.0": "0.0.0.0/0",
                            "from_port": "22",
                            "id": "sgrule-4104621391",
                            "protocol": "tcp",
                            "security_group_id": "sg-0c472b54f9b5495c6",
                            "self": "false",
                            "to_port": "22",
                            "type": "ingress"
                        },
                        "meta": {
                            "schema_version": "2"
                        },
                        "tainted": false
                    },
                    "deposed": [],
                    "provider": "provider.aws"
                },
                "data.aws_iam_policy_document.instance_role": {
                    "type": "aws_iam_policy_document",
                    "depends_on": [],
                    "primary": {
                        "id": "1903849331",
                        "attributes": {
                            "id": "1903849331",
                            "json": "{\n  \"Version\": \"2012-10-17\",\n  \"Statement\": [\n    {\n      \"Sid\": \"\",\n      \"Effect\": \"Allow\",\n      \"Action\": \"sts:AssumeRole\",\n      \"Principal\": {\n        \"Service\": \"ec2.amazonaws.com\"\n      }\n    }\n  ]\n}",
                            "statement.#": "1",
                            "statement.0.actions.#": "1",
                            "statement.0.actions.2528466339": "sts:AssumeRole",
                            "statement.0.condition.#": "0",
                            "statement.0.effect": "Allow",
                            "statement.0.not_actions.#": "0",
                            "statement.0.not_principals.#": "0",
                            "statement.0.not_resources.#": "0",
                            "statement.0.principals.#": "1",
                            "statement.0.principals.1134724139.identifiers.#": "1",
                            "statement.0.principals.1134724139.identifiers.3655884555": "ec2.amazonaws.com",
                            "statement.0.principals.1134724139.type": "Service",
                            "statement.0.resources.#": "0",
                            "statement.0.sid": "",
                            "version": "2012-10-17"
                        },
                        "meta": {},
                        "tainted": false
                    },
                    "deposed": [],
                    "provider": "provider.aws"
                }
            },
            "depends_on": []
        },
        {
            "path": [
                "root",
                "consul_servers"
            ],
            "outputs": {
                "asg_name": {
                    "sensitive": false,
                    "type": "string",
                    "value": "consul-server2019032814521948410000000a"
                },
                "cluster_size": {
                    "sensitive": false,
                    "type": "string",
                    "value": "2"
                },
                "cluster_tag_key": {
                    "sensitive": false,
                    "type": "string",
                    "value": "consul-servers"
                },
                "cluster_tag_value": {
                    "sensitive": false,
                    "type": "string",
                    "value": "consul"
                },
                "iam_role_arn": {
                    "sensitive": false,
                    "type": "string",
                    "value": "arn:aws:iam::728403742088:role/consul-server20190328145205634600000002"
                },
                "iam_role_id": {
                    "sensitive": false,
                    "type": "string",
                    "value": "consul-server20190328145205634600000002"
                },
                "launch_config_name": {
                    "sensitive": false,
                    "type": "string",
                    "value": "consul-server-20190328145207876100000007"
                },
                "security_group_id": {
                    "sensitive": false,
                    "type": "string",
                    "value": "sg-05b8e560e77dd0337"
                }
            },
            "resources": {
                "aws_autoscaling_group.autoscaling_group": {
                    "type": "aws_autoscaling_group",
                    "depends_on": [
                        "aws_launch_configuration.launch_configuration"
                    ],
                    "primary": {
                        "id": "consul-server2019032814521948410000000a",
                        "attributes": {
                            "arn": "arn:aws:autoscaling:us-east-1:728403742088:autoScalingGroup:d9802426-d1bd-4f1a-8a85-2b91fbcc1b1d:autoScalingGroupName/consul-server2019032814521948410000000a",
                            "availability_zones.#": "1",
                            "availability_zones.3569565595": "us-east-1a",
                            "default_cooldown": "300",
                            "desired_capacity": "2",
                            "enabled_metrics.#": "0",
                            "force_delete": "false",
                            "health_check_grace_period": "300",
                            "health_check_type": "EC2",
                            "id": "consul-server2019032814521948410000000a",
                            "launch_configuration": "consul-server-20190328145207876100000007",
                            "launch_template.#": "0",
                            "load_balancers.#": "0",
                            "max_size": "2",
                            "metrics_granularity": "1Minute",
                            "min_size": "2",
                            "mixed_instances_policy.#": "0",
                            "name": "consul-server2019032814521948410000000a",
                            "name_prefix": "consul-server",
                            "placement_group": "",
                            "protect_from_scale_in": "false",
                            "service_linked_role_arn": "arn:aws:iam::728403742088:role/aws-service-role/autoscaling.amazonaws.com/AWSServiceRoleForAutoScaling",
                            "suspended_processes.#": "0",
                            "tags.#": "3",
                            "tags.0.%": "3",
                            "tags.0.key": "Name",
                            "tags.0.propagate_at_launch": "1",
                            "tags.0.value": "consul-server",
                            "tags.1.%": "3",
                            "tags.1.key": "consul-servers",
                            "tags.1.propagate_at_launch": "1",
                            "tags.1.value": "consul",
                            "tags.2.%": "3",
                            "tags.2.key": "Environment",
                            "tags.2.propagate_at_launch": "1",
                            "tags.2.value": "development",
                            "target_group_arns.#": "0",
                            "termination_policies.#": "1",
                            "termination_policies.0": "Default",
                            "vpc_zone_identifier.#": "1",
                            "vpc_zone_identifier.475619028": "subnet-762f8a2a",
                            "wait_for_capacity_timeout": "10m"
                        },
                        "meta": {
                            "e2bfb730-ecaa-11e6-8f88-34363bc7c4c0": {
                                "delete": 600000000000
                            }
                        },
                        "tainted": false
                    },
                    "deposed": [],
                    "provider": "provider.aws"
                },
                "aws_iam_instance_profile.instance_profile": {
                    "type": "aws_iam_instance_profile",
                    "depends_on": [
                        "aws_iam_role.instance_role.*"
                    ],
                    "primary": {
                        "id": "consul-server20190328145205893400000006",
                        "attributes": {
                            "arn": "arn:aws:iam::728403742088:instance-profile/consul-server20190328145205893400000006",
                            "create_date": "2019-03-28T14:52:05Z",
                            "id": "consul-server20190328145205893400000006",
                            "name": "consul-server20190328145205893400000006",
                            "name_prefix": "consul-server",
                            "path": "/",
                            "role": "consul-server20190328145205634600000002",
                            "roles.#": "0",
                            "unique_id": "AIPA2TGB7BWEOMCTTRHA5"
                        },
                        "meta": {},
                        "tainted": false
                    },
                    "deposed": [],
                    "provider": "provider.aws"
                },
                "aws_iam_role.instance_role": {
                    "type": "aws_iam_role",
                    "depends_on": [
                        "data.aws_iam_policy_document.instance_role"
                    ],
                    "primary": {
                        "id": "consul-server20190328145205634600000002",
                        "attributes": {
                            "arn": "arn:aws:iam::728403742088:role/consul-server20190328145205634600000002",
                            "assume_role_policy": "{\"Version\":\"2012-10-17\",\"Statement\":[{\"Sid\":\"\",\"Effect\":\"Allow\",\"Principal\":{\"Service\":\"ec2.amazonaws.com\"},\"Action\":\"sts:AssumeRole\"}]}",
                            "create_date": "2019-03-28T14:52:05Z",
                            "description": "",
                            "force_detach_policies": "false",
                            "id": "consul-server20190328145205634600000002",
                            "max_session_duration": "3600",
                            "name": "consul-server20190328145205634600000002",
                            "name_prefix": "consul-server",
                            "path": "/",
                            "tags.%": "0",
                            "unique_id": "AROA2TGB7BWEO6PI6WHIL"
                        },
                        "meta": {},
                        "tainted": false
                    },
                    "deposed": [],
                    "provider": "provider.aws"
                },
                "aws_launch_configuration.launch_configuration": {
                    "type": "aws_launch_configuration",
                    "depends_on": [
                        "aws_iam_instance_profile.instance_profile.*",
                        "aws_security_group.lc_security_group"
                    ],
                    "primary": {
                        "id": "consul-server-20190328145207876100000007",
                        "attributes": {
                            "associate_public_ip_address": "false",
                            "ebs_block_device.#": "0",
                            "ebs_optimized": "false",
                            "enable_monitoring": "true",
                            "ephemeral_block_device.#": "0",
                            "iam_instance_profile": "consul-server20190328145205893400000006",
                            "id": "consul-server-20190328145207876100000007",
                            "image_id": "ami-0ec3600483abd26e0",
                            "instance_type": "t2.micro",
                            "key_name": "vault_test",
                            "name": "consul-server-20190328145207876100000007",
                            "name_prefix": "consul-server-",
                            "root_block_device.#": "1",
                            "root_block_device.0.delete_on_termination": "true",
                            "root_block_device.0.iops": "0",
                            "root_block_device.0.volume_size": "100",
                            "root_block_device.0.volume_type": "standard",
                            "security_groups.#": "1",
                            "security_groups.2250287018": "sg-05b8e560e77dd0337",
                            "spot_price": "",
                            "user_data": "45d2352d9fa902c7e50990cfa86776b9aedad17c",
                            "vpc_classic_link_id": "",
                            "vpc_classic_link_security_groups.#": "0"
                        },
                        "meta": {},
                        "tainted": false
                    },
                    "deposed": [],
                    "provider": "provider.aws"
                },
                "aws_security_group.lc_security_group": {
                    "type": "aws_security_group",
                    "depends_on": [],
                    "primary": {
                        "id": "sg-05b8e560e77dd0337",
                        "attributes": {
                            "arn": "arn:aws:ec2:us-east-1:728403742088:security-group/sg-05b8e560e77dd0337",
                            "description": "Security group for the consul-server launch configuration",
                            "egress.#": "0",
                            "id": "sg-05b8e560e77dd0337",
                            "ingress.#": "0",
                            "name": "consul-server20190328145205634600000003",
                            "name_prefix": "consul-server",
                            "owner_id": "728403742088",
                            "revoke_rules_on_delete": "false",
                            "tags.%": "1",
                            "tags.Name": "consul-server",
                            "vpc_id": "vpc-53f91529"
                        },
                        "meta": {
                            "e2bfb730-ecaa-11e6-8f88-34363bc7c4c0": {
                                "create": 600000000000,
                                "delete": 600000000000
                            },
                            "schema_version": "1"
                        },
                        "tainted": false
                    },
                    "deposed": [],
                    "provider": "provider.aws"
                },
                "aws_security_group_rule.allow_all_outbound": {
                    "type": "aws_security_group_rule",
                    "depends_on": [
                        "aws_security_group.lc_security_group"
                    ],
                    "primary": {
                        "id": "sgrule-201106175",
                        "attributes": {
                            "cidr_blocks.#": "1",
                            "cidr_blocks.0": "0.0.0.0/0",
                            "from_port": "0",
                            "id": "sgrule-201106175",
                            "protocol": "-1",
                            "security_group_id": "sg-05b8e560e77dd0337",
                            "self": "false",
                            "to_port": "0",
                            "type": "egress"
                        },
                        "meta": {
                            "schema_version": "2"
                        },
                        "tainted": false
                    },
                    "deposed": [],
                    "provider": "provider.aws"
                },
                "aws_security_group_rule.allow_ssh_inbound": {
                    "type": "aws_security_group_rule",
                    "depends_on": [
                        "aws_security_group.lc_security_group"
                    ],
                    "primary": {
                        "id": "sgrule-2931176796",
                        "attributes": {
                            "cidr_blocks.#": "1",
                            "cidr_blocks.0": "0.0.0.0/0",
                            "from_port": "22",
                            "id": "sgrule-2931176796",
                            "protocol": "tcp",
                            "security_group_id": "sg-05b8e560e77dd0337",
                            "self": "false",
                            "to_port": "22",
                            "type": "ingress"
                        },
                        "meta": {
                            "schema_version": "2"
                        },
                        "tainted": false
                    },
                    "deposed": [],
                    "provider": "provider.aws"
                },
                "data.aws_iam_policy_document.instance_role": {
                    "type": "aws_iam_policy_document",
                    "depends_on": [],
                    "primary": {
                        "id": "1903849331",
                        "attributes": {
                            "id": "1903849331",
                            "json": "{\n  \"Version\": \"2012-10-17\",\n  \"Statement\": [\n    {\n      \"Sid\": \"\",\n      \"Effect\": \"Allow\",\n      \"Action\": \"sts:AssumeRole\",\n      \"Principal\": {\n        \"Service\": \"ec2.amazonaws.com\"\n      }\n    }\n  ]\n}",
                            "statement.#": "1",
                            "statement.0.actions.#": "1",
                            "statement.0.actions.2528466339": "sts:AssumeRole",
                            "statement.0.condition.#": "0",
                            "statement.0.effect": "Allow",
                            "statement.0.not_actions.#": "0",
                            "statement.0.not_principals.#": "0",
                            "statement.0.not_resources.#": "0",
                            "statement.0.principals.#": "1",
                            "statement.0.principals.1134724139.identifiers.#": "1",
                            "statement.0.principals.1134724139.identifiers.3655884555": "ec2.amazonaws.com",
                            "statement.0.principals.1134724139.type": "Service",
                            "statement.0.resources.#": "0",
                            "statement.0.sid": "",
                            "version": "2012-10-17"
                        },
                        "meta": {},
                        "tainted": false
                    },
                    "deposed": [],
                    "provider": "provider.aws"
                }
            },
            "depends_on": []
        },
        {
            "path": [
                "root",
                "consul_clients",
                "iam_policies"
            ],
            "outputs": {},
            "resources": {
                "aws_iam_role_policy.auto_discover_cluster": {
                    "type": "aws_iam_role_policy",
                    "depends_on": [
                        "data.aws_iam_policy_document.auto_discover_cluster"
                    ],
                    "primary": {
                        "id": "consul-client20190328145205634400000001:auto-discover-cluster",
                        "attributes": {
                            "id": "consul-client20190328145205634400000001:auto-discover-cluster",
                            "name": "auto-discover-cluster",
                            "policy": "{\n  \"Version\": \"2012-10-17\",\n  \"Statement\": [\n    {\n      \"Sid\": \"\",\n      \"Effect\": \"Allow\",\n      \"Action\": [\n        \"ec2:DescribeTags\",\n        \"ec2:DescribeInstances\",\n        \"autoscaling:DescribeAutoScalingGroups\"\n      ],\n      \"Resource\": \"*\"\n    }\n  ]\n}",
                            "role": "consul-client20190328145205634400000001"
                        },
                        "meta": {},
                        "tainted": false
                    },
                    "deposed": [],
                    "provider": "provider.aws"
                },
                "data.aws_iam_policy_document.auto_discover_cluster": {
                    "type": "aws_iam_policy_document",
                    "depends_on": [],
                    "primary": {
                        "id": "2069168386",
                        "attributes": {
                            "id": "2069168386",
                            "json": "{\n  \"Version\": \"2012-10-17\",\n  \"Statement\": [\n    {\n      \"Sid\": \"\",\n      \"Effect\": \"Allow\",\n      \"Action\": [\n        \"ec2:DescribeTags\",\n        \"ec2:DescribeInstances\",\n        \"autoscaling:DescribeAutoScalingGroups\"\n      ],\n      \"Resource\": \"*\"\n    }\n  ]\n}",
                            "statement.#": "1",
                            "statement.0.actions.#": "3",
                            "statement.0.actions.1274732150": "autoscaling:DescribeAutoScalingGroups",
                            "statement.0.actions.3466923763": "ec2:DescribeInstances",
                            "statement.0.actions.810672830": "ec2:DescribeTags",
                            "statement.0.condition.#": "0",
                            "statement.0.effect": "Allow",
                            "statement.0.not_actions.#": "0",
                            "statement.0.not_principals.#": "0",
                            "statement.0.not_resources.#": "0",
                            "statement.0.principals.#": "0",
                            "statement.0.resources.#": "1",
                            "statement.0.resources.2679715827": "*",
                            "statement.0.sid": "",
                            "version": "2012-10-17"
                        },
                        "meta": {},
                        "tainted": false
                    },
                    "deposed": [],
                    "provider": "provider.aws"
                }
            },
            "depends_on": []
        },
        {
            "path": [
                "root",
                "consul_clients",
                "security_group_rules"
            ],
            "outputs": {},
            "resources": {
                "aws_security_group_rule.allow_cli_rpc_inbound": {
                    "type": "aws_security_group_rule",
                    "depends_on": [],
                    "primary": {
                        "id": "sgrule-216100120",
                        "attributes": {
                            "cidr_blocks.#": "1",
                            "cidr_blocks.0": "0.0.0.0/0",
                            "from_port": "8400",
                            "id": "sgrule-216100120",
                            "protocol": "tcp",
                            "security_group_id": "sg-0c472b54f9b5495c6",
                            "self": "false",
                            "to_port": "8400",
                            "type": "ingress"
                        },
                        "meta": {
                            "schema_version": "2"
                        },
                        "tainted": false
                    },
                    "deposed": [],
                    "provider": "provider.aws"
                },
                "aws_security_group_rule.allow_cli_rpc_inbound_from_self": {
                    "type": "aws_security_group_rule",
                    "depends_on": [],
                    "primary": {
                        "id": "sgrule-1894459714",
                        "attributes": {
                            "from_port": "8400",
                            "id": "sgrule-1894459714",
                            "protocol": "tcp",
                            "security_group_id": "sg-0c472b54f9b5495c6",
                            "self": "true",
                            "to_port": "8400",
                            "type": "ingress"
                        },
                        "meta": {
                            "schema_version": "2"
                        },
                        "tainted": false
                    },
                    "deposed": [],
                    "provider": "provider.aws"
                },
                "aws_security_group_rule.allow_dns_tcp_inbound": {
                    "type": "aws_security_group_rule",
                    "depends_on": [],
                    "primary": {
                        "id": "sgrule-73725909",
                        "attributes": {
                            "cidr_blocks.#": "1",
                            "cidr_blocks.0": "0.0.0.0/0",
                            "from_port": "8600",
                            "id": "sgrule-73725909",
                            "protocol": "tcp",
                            "security_group_id": "sg-0c472b54f9b5495c6",
                            "self": "false",
                            "to_port": "8600",
                            "type": "ingress"
                        },
                        "meta": {
                            "schema_version": "2"
                        },
                        "tainted": false
                    },
                    "deposed": [],
                    "provider": "provider.aws"
                },
                "aws_security_group_rule.allow_dns_tcp_inbound_from_self": {
                    "type": "aws_security_group_rule",
                    "depends_on": [],
                    "primary": {
                        "id": "sgrule-1051474225",
                        "attributes": {
                            "from_port": "8600",
                            "id": "sgrule-1051474225",
                            "protocol": "tcp",
                            "security_group_id": "sg-0c472b54f9b5495c6",
                            "self": "true",
                            "to_port": "8600",
                            "type": "ingress"
                        },
                        "meta": {
                            "schema_version": "2"
                        },
                        "tainted": false
                    },
                    "deposed": [],
                    "provider": "provider.aws"
                },
                "aws_security_group_rule.allow_dns_udp_inbound": {
                    "type": "aws_security_group_rule",
                    "depends_on": [],
                    "primary": {
                        "id": "sgrule-2058032461",
                        "attributes": {
                            "cidr_blocks.#": "1",
                            "cidr_blocks.0": "0.0.0.0/0",
                            "from_port": "8600",
                            "id": "sgrule-2058032461",
                            "protocol": "udp",
                            "security_group_id": "sg-0c472b54f9b5495c6",
                            "self": "false",
                            "to_port": "8600",
                            "type": "ingress"
                        },
                        "meta": {
                            "schema_version": "2"
                        },
                        "tainted": false
                    },
                    "deposed": [],
                    "provider": "provider.aws"
                },
                "aws_security_group_rule.allow_dns_udp_inbound_from_self": {
                    "type": "aws_security_group_rule",
                    "depends_on": [],
                    "primary": {
                        "id": "sgrule-2599656158",
                        "attributes": {
                            "from_port": "8600",
                            "id": "sgrule-2599656158",
                            "protocol": "udp",
                            "security_group_id": "sg-0c472b54f9b5495c6",
                            "self": "true",
                            "to_port": "8600",
                            "type": "ingress"
                        },
                        "meta": {
                            "schema_version": "2"
                        },
                        "tainted": false
                    },
                    "deposed": [],
                    "provider": "provider.aws"
                },
                "aws_security_group_rule.allow_http_api_inbound": {
                    "type": "aws_security_group_rule",
                    "depends_on": [],
                    "primary": {
                        "id": "sgrule-3843760990",
                        "attributes": {
                            "cidr_blocks.#": "1",
                            "cidr_blocks.0": "0.0.0.0/0",
                            "from_port": "8500",
                            "id": "sgrule-3843760990",
                            "protocol": "tcp",
                            "security_group_id": "sg-0c472b54f9b5495c6",
                            "self": "false",
                            "to_port": "8500",
                            "type": "ingress"
                        },
                        "meta": {
                            "schema_version": "2"
                        },
                        "tainted": false
                    },
                    "deposed": [],
                    "provider": "provider.aws"
                },
                "aws_security_group_rule.allow_http_api_inbound_from_self": {
                    "type": "aws_security_group_rule",
                    "depends_on": [],
                    "primary": {
                        "id": "sgrule-3127911003",
                        "attributes": {
                            "from_port": "8500",
                            "id": "sgrule-3127911003",
                            "protocol": "tcp",
                            "security_group_id": "sg-0c472b54f9b5495c6",
                            "self": "true",
                            "to_port": "8500",
                            "type": "ingress"
                        },
                        "meta": {
                            "schema_version": "2"
                        },
                        "tainted": false
                    },
                    "deposed": [],
                    "provider": "provider.aws"
                },
                "aws_security_group_rule.allow_serf_wan_tcp_inbound": {
                    "type": "aws_security_group_rule",
                    "depends_on": [],
                    "primary": {
                        "id": "sgrule-3819041358",
                        "attributes": {
                            "cidr_blocks.#": "1",
                            "cidr_blocks.0": "0.0.0.0/0",
                            "from_port": "8302",
                            "id": "sgrule-3819041358",
                            "protocol": "tcp",
                            "security_group_id": "sg-0c472b54f9b5495c6",
                            "self": "false",
                            "to_port": "8302",
                            "type": "ingress"
                        },
                        "meta": {
                            "schema_version": "2"
                        },
                        "tainted": false
                    },
                    "deposed": [],
                    "provider": "provider.aws"
                },
                "aws_security_group_rule.allow_serf_wan_tcp_inbound_from_self": {
                    "type": "aws_security_group_rule",
                    "depends_on": [],
                    "primary": {
                        "id": "sgrule-2457311910",
                        "attributes": {
                            "from_port": "8302",
                            "id": "sgrule-2457311910",
                            "protocol": "tcp",
                            "security_group_id": "sg-0c472b54f9b5495c6",
                            "self": "true",
                            "to_port": "8302",
                            "type": "ingress"
                        },
                        "meta": {
                            "schema_version": "2"
                        },
                        "tainted": false
                    },
                    "deposed": [],
                    "provider": "provider.aws"
                },
                "aws_security_group_rule.allow_serf_wan_udp_inbound": {
                    "type": "aws_security_group_rule",
                    "depends_on": [],
                    "primary": {
                        "id": "sgrule-2641236182",
                        "attributes": {
                            "cidr_blocks.#": "1",
                            "cidr_blocks.0": "0.0.0.0/0",
                            "from_port": "8302",
                            "id": "sgrule-2641236182",
                            "protocol": "udp",
                            "security_group_id": "sg-0c472b54f9b5495c6",
                            "self": "false",
                            "to_port": "8302",
                            "type": "ingress"
                        },
                        "meta": {
                            "schema_version": "2"
                        },
                        "tainted": false
                    },
                    "deposed": [],
                    "provider": "provider.aws"
                },
                "aws_security_group_rule.allow_serf_wan_udp_inbound_from_self": {
                    "type": "aws_security_group_rule",
                    "depends_on": [],
                    "primary": {
                        "id": "sgrule-908605769",
                        "attributes": {
                            "from_port": "8302",
                            "id": "sgrule-908605769",
                            "protocol": "udp",
                            "security_group_id": "sg-0c472b54f9b5495c6",
                            "self": "true",
                            "to_port": "8302",
                            "type": "ingress"
                        },
                        "meta": {
                            "schema_version": "2"
                        },
                        "tainted": false
                    },
                    "deposed": [],
                    "provider": "provider.aws"
                },
                "aws_security_group_rule.allow_server_rpc_inbound": {
                    "type": "aws_security_group_rule",
                    "depends_on": [],
                    "primary": {
                        "id": "sgrule-4237659145",
                        "attributes": {
                            "cidr_blocks.#": "1",
                            "cidr_blocks.0": "0.0.0.0/0",
                            "from_port": "8300",
                            "id": "sgrule-4237659145",
                            "protocol": "tcp",
                            "security_group_id": "sg-0c472b54f9b5495c6",
                            "self": "false",
                            "to_port": "8300",
                            "type": "ingress"
                        },
                        "meta": {
                            "schema_version": "2"
                        },
                        "tainted": false
                    },
                    "deposed": [],
                    "provider": "provider.aws"
                },
                "aws_security_group_rule.allow_server_rpc_inbound_from_self": {
                    "type": "aws_security_group_rule",
                    "depends_on": [],
                    "primary": {
                        "id": "sgrule-1756959438",
                        "attributes": {
                            "from_port": "8300",
                            "id": "sgrule-1756959438",
                            "protocol": "tcp",
                            "security_group_id": "sg-0c472b54f9b5495c6",
                            "self": "true",
                            "to_port": "8300",
                            "type": "ingress"
                        },
                        "meta": {
                            "schema_version": "2"
                        },
                        "tainted": false
                    },
                    "deposed": [],
                    "provider": "provider.aws"
                }
            },
            "depends_on": []
        },
        {
            "path": [
                "root",
                "consul_servers",
                "iam_policies"
            ],
            "outputs": {},
            "resources": {
                "aws_iam_role_policy.auto_discover_cluster": {
                    "type": "aws_iam_role_policy",
                    "depends_on": [
                        "data.aws_iam_policy_document.auto_discover_cluster"
                    ],
                    "primary": {
                        "id": "consul-server20190328145205634600000002:auto-discover-cluster",
                        "attributes": {
                            "id": "consul-server20190328145205634600000002:auto-discover-cluster",
                            "name": "auto-discover-cluster",
                            "policy": "{\n  \"Version\": \"2012-10-17\",\n  \"Statement\": [\n    {\n      \"Sid\": \"\",\n      \"Effect\": \"Allow\",\n      \"Action\": [\n        \"ec2:DescribeTags\",\n        \"ec2:DescribeInstances\",\n        \"autoscaling:DescribeAutoScalingGroups\"\n      ],\n      \"Resource\": \"*\"\n    }\n  ]\n}",
                            "role": "consul-server20190328145205634600000002"
                        },
                        "meta": {},
                        "tainted": false
                    },
                    "deposed": [],
                    "provider": "provider.aws"
                },
                "data.aws_iam_policy_document.auto_discover_cluster": {
                    "type": "aws_iam_policy_document",
                    "depends_on": [],
                    "primary": {
                        "id": "2069168386",
                        "attributes": {
                            "id": "2069168386",
                            "json": "{\n  \"Version\": \"2012-10-17\",\n  \"Statement\": [\n    {\n      \"Sid\": \"\",\n      \"Effect\": \"Allow\",\n      \"Action\": [\n        \"ec2:DescribeTags\",\n        \"ec2:DescribeInstances\",\n        \"autoscaling:DescribeAutoScalingGroups\"\n      ],\n      \"Resource\": \"*\"\n    }\n  ]\n}",
                            "statement.#": "1",
                            "statement.0.actions.#": "3",
                            "statement.0.actions.1274732150": "autoscaling:DescribeAutoScalingGroups",
                            "statement.0.actions.3466923763": "ec2:DescribeInstances",
                            "statement.0.actions.810672830": "ec2:DescribeTags",
                            "statement.0.condition.#": "0",
                            "statement.0.effect": "Allow",
                            "statement.0.not_actions.#": "0",
                            "statement.0.not_principals.#": "0",
                            "statement.0.not_resources.#": "0",
                            "statement.0.principals.#": "0",
                            "statement.0.resources.#": "1",
                            "statement.0.resources.2679715827": "*",
                            "statement.0.sid": "",
                            "version": "2012-10-17"
                        },
                        "meta": {},
                        "tainted": false
                    },
                    "deposed": [],
                    "provider": "provider.aws"
                }
            },
            "depends_on": []
        },
        {
            "path": [
                "root",
                "consul_servers",
                "security_group_rules"
            ],
            "outputs": {},
            "resources": {
                "aws_security_group_rule.allow_cli_rpc_inbound": {
                    "type": "aws_security_group_rule",
                    "depends_on": [],
                    "primary": {
                        "id": "sgrule-1567072571",
                        "attributes": {
                            "cidr_blocks.#": "1",
                            "cidr_blocks.0": "0.0.0.0/0",
                            "from_port": "8400",
                            "id": "sgrule-1567072571",
                            "protocol": "tcp",
                            "security_group_id": "sg-05b8e560e77dd0337",
                            "self": "false",
                            "to_port": "8400",
                            "type": "ingress"
                        },
                        "meta": {
                            "schema_version": "2"
                        },
                        "tainted": false
                    },
                    "deposed": [],
                    "provider": "provider.aws"
                },
                "aws_security_group_rule.allow_cli_rpc_inbound_from_self": {
                    "type": "aws_security_group_rule",
                    "depends_on": [],
                    "primary": {
                        "id": "sgrule-1308318357",
                        "attributes": {
                            "from_port": "8400",
                            "id": "sgrule-1308318357",
                            "protocol": "tcp",
                            "security_group_id": "sg-05b8e560e77dd0337",
                            "self": "true",
                            "to_port": "8400",
                            "type": "ingress"
                        },
                        "meta": {
                            "schema_version": "2"
                        },
                        "tainted": false
                    },
                    "deposed": [],
                    "provider": "provider.aws"
                },
                "aws_security_group_rule.allow_dns_tcp_inbound": {
                    "type": "aws_security_group_rule",
                    "depends_on": [],
                    "primary": {
                        "id": "sgrule-1440889846",
                        "attributes": {
                            "cidr_blocks.#": "1",
                            "cidr_blocks.0": "0.0.0.0/0",
                            "from_port": "8600",
                            "id": "sgrule-1440889846",
                            "protocol": "tcp",
                            "security_group_id": "sg-05b8e560e77dd0337",
                            "self": "false",
                            "to_port": "8600",
                            "type": "ingress"
                        },
                        "meta": {
                            "schema_version": "2"
                        },
                        "tainted": false
                    },
                    "deposed": [],
                    "provider": "provider.aws"
                },
                "aws_security_group_rule.allow_dns_tcp_inbound_from_self": {
                    "type": "aws_security_group_rule",
                    "depends_on": [],
                    "primary": {
                        "id": "sgrule-62671590",
                        "attributes": {
                            "from_port": "8600",
                            "id": "sgrule-62671590",
                            "protocol": "tcp",
                            "security_group_id": "sg-05b8e560e77dd0337",
                            "self": "true",
                            "to_port": "8600",
                            "type": "ingress"
                        },
                        "meta": {
                            "schema_version": "2"
                        },
                        "tainted": false
                    },
                    "deposed": [],
                    "provider": "provider.aws"
                },
                "aws_security_group_rule.allow_dns_udp_inbound": {
                    "type": "aws_security_group_rule",
                    "depends_on": [],
                    "primary": {
                        "id": "sgrule-724425070",
                        "attributes": {
                            "cidr_blocks.#": "1",
                            "cidr_blocks.0": "0.0.0.0/0",
                            "from_port": "8600",
                            "id": "sgrule-724425070",
                            "protocol": "udp",
                            "security_group_id": "sg-05b8e560e77dd0337",
                            "self": "false",
                            "to_port": "8600",
                            "type": "ingress"
                        },
                        "meta": {
                            "schema_version": "2"
                        },
                        "tainted": false
                    },
                    "deposed": [],
                    "provider": "provider.aws"
                },
                "aws_security_group_rule.allow_dns_udp_inbound_from_self": {
                    "type": "aws_security_group_rule",
                    "depends_on": [],
                    "primary": {
                        "id": "sgrule-2816731401",
                        "attributes": {
                            "from_port": "8600",
                            "id": "sgrule-2816731401",
                            "protocol": "udp",
                            "security_group_id": "sg-05b8e560e77dd0337",
                            "self": "true",
                            "to_port": "8600",
                            "type": "ingress"
                        },
                        "meta": {
                            "schema_version": "2"
                        },
                        "tainted": false
                    },
                    "deposed": [],
                    "provider": "provider.aws"
                },
                "aws_security_group_rule.allow_http_api_inbound": {
                    "type": "aws_security_group_rule",
                    "depends_on": [],
                    "primary": {
                        "id": "sgrule-3030249341",
                        "attributes": {
                            "cidr_blocks.#": "1",
                            "cidr_blocks.0": "0.0.0.0/0",
                            "from_port": "8500",
                            "id": "sgrule-3030249341",
                            "protocol": "tcp",
                            "security_group_id": "sg-05b8e560e77dd0337",
                            "self": "false",
                            "to_port": "8500",
                            "type": "ingress"
                        },
                        "meta": {
                            "schema_version": "2"
                        },
                        "tainted": false
                    },
                    "deposed": [],
                    "provider": "provider.aws"
                },
                "aws_security_group_rule.allow_http_api_inbound_from_self": {
                    "type": "aws_security_group_rule",
                    "depends_on": [],
                    "primary": {
                        "id": "sgrule-2271236492",
                        "attributes": {
                            "from_port": "8500",
                            "id": "sgrule-2271236492",
                            "protocol": "tcp",
                            "security_group_id": "sg-05b8e560e77dd0337",
                            "self": "true",
                            "to_port": "8500",
                            "type": "ingress"
                        },
                        "meta": {
                            "schema_version": "2"
                        },
                        "tainted": false
                    },
                    "deposed": [],
                    "provider": "provider.aws"
                },
                "aws_security_group_rule.allow_serf_wan_tcp_inbound": {
                    "type": "aws_security_group_rule",
                    "depends_on": [],
                    "primary": {
                        "id": "sgrule-2988916333",
                        "attributes": {
                            "cidr_blocks.#": "1",
                            "cidr_blocks.0": "0.0.0.0/0",
                            "from_port": "8302",
                            "id": "sgrule-2988916333",
                            "protocol": "tcp",
                            "security_group_id": "sg-05b8e560e77dd0337",
                            "self": "false",
                            "to_port": "8302",
                            "type": "ingress"
                        },
                        "meta": {
                            "schema_version": "2"
                        },
                        "tainted": false
                    },
                    "deposed": [],
                    "provider": "provider.aws"
                },
                "aws_security_group_rule.allow_serf_wan_tcp_inbound_from_self": {
                    "type": "aws_security_group_rule",
                    "depends_on": [],
                    "primary": {
                        "id": "sgrule-2942822769",
                        "attributes": {
                            "from_port": "8302",
                            "id": "sgrule-2942822769",
                            "protocol": "tcp",
                            "security_group_id": "sg-05b8e560e77dd0337",
                            "self": "true",
                            "to_port": "8302",
                            "type": "ingress"
                        },
                        "meta": {
                            "schema_version": "2"
                        },
                        "tainted": false
                    },
                    "deposed": [],
                    "provider": "provider.aws"
                },
                "aws_security_group_rule.allow_serf_wan_udp_inbound": {
                    "type": "aws_security_group_rule",
                    "depends_on": [],
                    "primary": {
                        "id": "sgrule-3437812981",
                        "attributes": {
                            "cidr_blocks.#": "1",
                            "cidr_blocks.0": "0.0.0.0/0",
                            "from_port": "8302",
                            "id": "sgrule-3437812981",
                            "protocol": "udp",
                            "security_group_id": "sg-05b8e560e77dd0337",
                            "self": "false",
                            "to_port": "8302",
                            "type": "ingress"
                        },
                        "meta": {
                            "schema_version": "2"
                        },
                        "tainted": false
                    },
                    "deposed": [],
                    "provider": "provider.aws"
                },
                "aws_security_group_rule.allow_serf_wan_udp_inbound_from_self": {
                    "type": "aws_security_group_rule",
                    "depends_on": [],
                    "primary": {
                        "id": "sgrule-188238494",
                        "attributes": {
                            "from_port": "8302",
                            "id": "sgrule-188238494",
                            "protocol": "udp",
                            "security_group_id": "sg-05b8e560e77dd0337",
                            "self": "true",
                            "to_port": "8302",
                            "type": "ingress"
                        },
                        "meta": {
                            "schema_version": "2"
                        },
                        "tainted": false
                    },
                    "deposed": [],
                    "provider": "provider.aws"
                },
                "aws_security_group_rule.allow_server_rpc_inbound": {
                    "type": "aws_security_group_rule",
                    "depends_on": [],
                    "primary": {
                        "id": "sgrule-2903719978",
                        "attributes": {
                            "cidr_blocks.#": "1",
                            "cidr_blocks.0": "0.0.0.0/0",
                            "from_port": "8300",
                            "id": "sgrule-2903719978",
                            "protocol": "tcp",
                            "security_group_id": "sg-05b8e560e77dd0337",
                            "self": "false",
                            "to_port": "8300",
                            "type": "ingress"
                        },
                        "meta": {
                            "schema_version": "2"
                        },
                        "tainted": false
                    },
                    "deposed": [],
                    "provider": "provider.aws"
                },
                "aws_security_group_rule.allow_server_rpc_inbound_from_self": {
                    "type": "aws_security_group_rule",
                    "depends_on": [],
                    "primary": {
                        "id": "sgrule-1437163801",
                        "attributes": {
                            "from_port": "8300",
                            "id": "sgrule-1437163801",
                            "protocol": "tcp",
                            "security_group_id": "sg-05b8e560e77dd0337",
                            "self": "true",
                            "to_port": "8300",
                            "type": "ingress"
                        },
                        "meta": {
                            "schema_version": "2"
                        },
                        "tainted": false
                    },
                    "deposed": [],
                    "provider": "provider.aws"
                }
            },
            "depends_on": []
        },
        {
            "path": [
                "root",
                "consul_clients",
                "security_group_rules",
                "client_security_group_rules"
            ],
            "outputs": {},
            "resources": {
                "aws_security_group_rule.allow_serf_lan_tcp_inbound": {
                    "type": "aws_security_group_rule",
                    "depends_on": [],
                    "primary": {
                        "id": "sgrule-515321866",
                        "attributes": {
                            "cidr_blocks.#": "1",
                            "cidr_blocks.0": "0.0.0.0/0",
                            "from_port": "8301",
                            "id": "sgrule-515321866",
                            "protocol": "tcp",
                            "security_group_id": "sg-0c472b54f9b5495c6",
                            "self": "false",
                            "to_port": "8301",
                            "type": "ingress"
                        },
                        "meta": {
                            "schema_version": "2"
                        },
                        "tainted": false
                    },
                    "deposed": [],
                    "provider": "provider.aws"
                },
                "aws_security_group_rule.allow_serf_lan_tcp_inbound_from_self": {
                    "type": "aws_security_group_rule",
                    "depends_on": [],
                    "primary": {
                        "id": "sgrule-366892794",
                        "attributes": {
                            "from_port": "8301",
                            "id": "sgrule-366892794",
                            "protocol": "tcp",
                            "security_group_id": "sg-0c472b54f9b5495c6",
                            "self": "true",
                            "to_port": "8301",
                            "type": "ingress"
                        },
                        "meta": {
                            "schema_version": "2"
                        },
                        "tainted": false
                    },
                    "deposed": [],
                    "provider": "provider.aws"
                },
                "aws_security_group_rule.allow_serf_lan_udp_inbound": {
                    "type": "aws_security_group_rule",
                    "depends_on": [],
                    "primary": {
                        "id": "sgrule-1618530962",
                        "attributes": {
                            "cidr_blocks.#": "1",
                            "cidr_blocks.0": "0.0.0.0/0",
                            "from_port": "8301",
                            "id": "sgrule-1618530962",
                            "protocol": "udp",
                            "security_group_id": "sg-0c472b54f9b5495c6",
                            "self": "false",
                            "to_port": "8301",
                            "type": "ingress"
                        },
                        "meta": {
                            "schema_version": "2"
                        },
                        "tainted": false
                    },
                    "deposed": [],
                    "provider": "provider.aws"
                },
                "aws_security_group_rule.allow_serf_lan_udp_inbound_from_self": {
                    "type": "aws_security_group_rule",
                    "depends_on": [],
                    "primary": {
                        "id": "sgrule-2978084117",
                        "attributes": {
                            "from_port": "8301",
                            "id": "sgrule-2978084117",
                            "protocol": "udp",
                            "security_group_id": "sg-0c472b54f9b5495c6",
                            "self": "true",
                            "to_port": "8301",
                            "type": "ingress"
                        },
                        "meta": {
                            "schema_version": "2"
                        },
                        "tainted": false
                    },
                    "deposed": [],
                    "provider": "provider.aws"
                }
            },
            "depends_on": []
        },
        {
            "path": [
                "root",
                "consul_servers",
                "security_group_rules",
                "client_security_group_rules"
            ],
            "outputs": {},
            "resources": {
                "aws_security_group_rule.allow_serf_lan_tcp_inbound": {
                    "type": "aws_security_group_rule",
                    "depends_on": [],
                    "primary": {
                        "id": "sgrule-1328675881",
                        "attributes": {
                            "cidr_blocks.#": "1",
                            "cidr_blocks.0": "0.0.0.0/0",
                            "from_port": "8301",
                            "id": "sgrule-1328675881",
                            "protocol": "tcp",
                            "security_group_id": "sg-05b8e560e77dd0337",
                            "self": "false",
                            "to_port": "8301",
                            "type": "ingress"
                        },
                        "meta": {
                            "schema_version": "2"
                        },
                        "tainted": false
                    },
                    "deposed": [],
                    "provider": "provider.aws"
                },
                "aws_security_group_rule.allow_serf_lan_tcp_inbound_from_self": {
                    "type": "aws_security_group_rule",
                    "depends_on": [],
                    "primary": {
                        "id": "sgrule-684598573",
                        "attributes": {
                            "from_port": "8301",
                            "id": "sgrule-684598573",
                            "protocol": "tcp",
                            "security_group_id": "sg-05b8e560e77dd0337",
                            "self": "true",
                            "to_port": "8301",
                            "type": "ingress"
                        },
                        "meta": {
                            "schema_version": "2"
                        },
                        "tainted": false
                    },
                    "deposed": [],
                    "provider": "provider.aws"
                },
                "aws_security_group_rule.allow_serf_lan_udp_inbound": {
                    "type": "aws_security_group_rule",
                    "depends_on": [],
                    "primary": {
                        "id": "sgrule-838737585",
                        "attributes": {
                            "cidr_blocks.#": "1",
                            "cidr_blocks.0": "0.0.0.0/0",
                            "from_port": "8301",
                            "id": "sgrule-838737585",
                            "protocol": "udp",
                            "security_group_id": "sg-05b8e560e77dd0337",
                            "self": "false",
                            "to_port": "8301",
                            "type": "ingress"
                        },
                        "meta": {
                            "schema_version": "2"
                        },
                        "tainted": false
                    },
                    "deposed": [],
                    "provider": "provider.aws"
                },
                "aws_security_group_rule.allow_serf_lan_udp_inbound_from_self": {
                    "type": "aws_security_group_rule",
                    "depends_on": [],
                    "primary": {
                        "id": "sgrule-2358347458",
                        "attributes": {
                            "from_port": "8301",
                            "id": "sgrule-2358347458",
                            "protocol": "udp",
                            "security_group_id": "sg-05b8e560e77dd0337",
                            "self": "true",
                            "to_port": "8301",
                            "type": "ingress"
                        },
                        "meta": {
                            "schema_version": "2"
                        },
                        "tainted": false
                    },
                    "deposed": [],
                    "provider": "provider.aws"
                }
            },
            "depends_on": []
        }
    ]
}
