{
    "version": 3,
    "terraform_version": "0.11.13",
    "serial": 17,
    "lineage": "2ed13635-b085-9e1c-1532-f84a3fba5ef3",
    "modules": [
        {
            "path": [
                "root"
            ],
            "outputs": {
                "asg_name_clients": {
                    "sensitive": false,
                    "type": "string",
                    "value": "consul-client2019032714284938590000000a"
                },
                "asg_name_servers": {
                    "sensitive": false,
                    "type": "string",
                    "value": "consul-server20190327142849148600000009"
                },
                "aws_region": {
                    "sensitive": false,
                    "type": "string",
                    "value": "us-east-1"
                },
                "consul_servers_cluster_tag_key": {
                    "sensitive": false,
                    "type": "string",
                    "value": "consul-servers"
                },
                "consul_servers_cluster_tag_value": {
                    "sensitive": false,
                    "type": "string",
                    "value": "consul"
                },
                "iam_role_arn_clients": {
                    "sensitive": false,
                    "type": "string",
                    "value": "arn:aws:iam::728403742088:role/consul-client20190327142834170600000001"
                },
                "iam_role_arn_servers": {
                    "sensitive": false,
                    "type": "string",
                    "value": "arn:aws:iam::728403742088:role/consul-server20190327142834170600000002"
                },
                "iam_role_id_clients": {
                    "sensitive": false,
                    "type": "string",
                    "value": "consul-client20190327142834170600000001"
                },
                "iam_role_id_servers": {
                    "sensitive": false,
                    "type": "string",
                    "value": "consul-server20190327142834170600000002"
                },
                "launch_config_name_clients": {
                    "sensitive": false,
                    "type": "string",
                    "value": "consul-client-20190327142836012500000007"
                },
                "launch_config_name_servers": {
                    "sensitive": false,
                    "type": "string",
                    "value": "consul-server-20190327142842721100000008"
                },
                "num_clients": {
                    "sensitive": false,
                    "type": "string",
                    "value": "2"
                },
                "num_servers": {
                    "sensitive": false,
                    "type": "string",
                    "value": "2"
                },
                "security_group_id_clients": {
                    "sensitive": false,
                    "type": "string",
                    "value": "sg-03df42e1ac0c83440"
                },
                "security_group_id_servers": {
                    "sensitive": false,
                    "type": "string",
                    "value": "sg-08864017350ff0ba4"
                }
            },
            "resources": {
                "data.aws_region.current": {
                    "type": "aws_region",
                    "depends_on": [],
                    "primary": {
                        "id": "us-east-1",
                        "attributes": {
                            "description": "US East (N. Virginia)",
                            "endpoint": "ec2.us-east-1.amazonaws.com",
                            "id": "us-east-1",
                            "name": "us-east-1"
                        },
                        "meta": {},
                        "tainted": false
                    },
                    "deposed": [],
                    "provider": "provider.aws"
                },
                "data.aws_vpc.default": {
                    "type": "aws_vpc",
                    "depends_on": [],
                    "primary": {
                        "id": "vpc-53f91529",
                        "attributes": {
                            "arn": "arn:aws:ec2:us-east-1:728403742088:vpc/vpc-53f91529",
                            "cidr_block": "172.31.0.0/16",
                            "cidr_block_associations.#": "1",
                            "cidr_block_associations.0.association_id": "vpc-cidr-assoc-2c837e40",
                            "cidr_block_associations.0.cidr_block": "172.31.0.0/16",
                            "cidr_block_associations.0.state": "associated",
                            "default": "true",
                            "dhcp_options_id": "dopt-7ded6206",
                            "enable_dns_hostnames": "true",
                            "enable_dns_support": "true",
                            "id": "vpc-53f91529",
                            "instance_tenancy": "default",
                            "main_route_table_id": "rtb-2317b35c",
                            "owner_id": "728403742088",
                            "state": "available",
                            "tags.%": "0"
                        },
                        "meta": {},
                        "tainted": false
                    },
                    "deposed": [],
                    "provider": "provider.aws"
                },
                "data.template_file.user_data_client": {
                    "type": "template_file",
                    "depends_on": [],
                    "primary": {
                        "id": "5e3d873c2e760914515617fbda81a069be191247b3905e1c6f444c135c8ee122",
                        "attributes": {
                            "id": "5e3d873c2e760914515617fbda81a069be191247b3905e1c6f444c135c8ee122",
                            "rendered": "#!/usr/bin/env bash\r\nset -e\r\n\r\n# Install packages\r\nsudo yum install -y unzip git\r\n\r\n\r\nmkdir /var/tmp/consul\r\ncd /var/tmp/consul\r\n# Download Vault into directory\r\ncurl -L \"https://releases.hashicorp.com/consul/1.4.4/consul_1.4.4_linux_amd64.zip\" \u003e /var/tmp/consul/consul.zip\r\n\r\nsudo unzip *.zip -d .\r\n\r\n# Setup the configuration\r\n/usr/bin/git init\r\n/usr/bin/git config core.sparsecheckout true\r\n/usr/bin/git remote add -f origin  https://github.com/TeraThink/vault.git\r\necho \"terraform/aws/consul/inputfiles/*\" \u003e .git/info/sparse-checkout\r\necho \"terraform/aws/consul/runtimescripts/*\" \u003e\u003e .git/info/sparse-checkout\r\nsleep 0.001\r\n/usr/bin/git pull origin master\r\nsleep 0.001\r\n\r\n\r\nsudo mv consul /usr/local/bin\r\nsudo mkdir -p /etc/consul/ /logs/consul/\r\n\r\nsudo cp terraform/aws/consul/inputfiles/demoEnv/config.json /etc/consul/config.json\r\nsudo cp terraform/aws/consul/inputfiles/demoEnv/consul.service /etc/systemd/system/\r\nsudo chmod 700 terraform/aws/consul/runtimescripts/ipadd.sh\r\nsleep 1\r\nsudo terraform/aws/consul/runtimescripts/ipadd.sh /etc/consul/config.json false\r\n\r\nsleep 0.001\r\nsudo nohup systemctl start consul.service\r\n#1\u003e /logs/vault/vaultstartup.out 2\u003e /logs/vault/vaultstartup.err \u0026\r\n#sudo nohup systemctl start vault.service  \u003e /logs/vault/vaultstartup.log \u0026\r\nsleep 50\r\nsudo systemctl enable consul.service\r\nsleep 10\r\n\r\n#systemctl reload-configuration\r\n\r\n\r\n# ./consul agent -server -data-dir=/var/tmp/consul -client=0.0.0.0 -bind 127.0.0.1 -datacenter=AWS_REGION -bootstrap-expect=3 -ui\r\n",
                            "template": "#!/usr/bin/env bash\r\nset -e\r\n\r\n# Install packages\r\nsudo yum install -y unzip git\r\n\r\n\r\nmkdir /var/tmp/consul\r\ncd /var/tmp/consul\r\n# Download Vault into directory\r\ncurl -L \"https://releases.hashicorp.com/consul/1.4.4/consul_1.4.4_linux_amd64.zip\" \u003e /var/tmp/consul/consul.zip\r\n\r\nsudo unzip *.zip -d .\r\n\r\n# Setup the configuration\r\n/usr/bin/git init\r\n/usr/bin/git config core.sparsecheckout true\r\n/usr/bin/git remote add -f origin  https://github.com/TeraThink/vault.git\r\necho \"terraform/aws/consul/inputfiles/*\" \u003e .git/info/sparse-checkout\r\necho \"terraform/aws/consul/runtimescripts/*\" \u003e\u003e .git/info/sparse-checkout\r\nsleep 0.001\r\n/usr/bin/git pull origin master\r\nsleep 0.001\r\n\r\n\r\nsudo mv consul /usr/local/bin\r\nsudo mkdir -p /etc/consul/ /logs/consul/\r\n\r\nsudo cp terraform/aws/consul/inputfiles/demoEnv/config.json /etc/consul/config.json\r\nsudo cp terraform/aws/consul/inputfiles/demoEnv/consul.service /etc/systemd/system/\r\nsudo chmod 700 terraform/aws/consul/runtimescripts/ipadd.sh\r\nsleep 1\r\nsudo terraform/aws/consul/runtimescripts/ipadd.sh /etc/consul/config.json false\r\n\r\nsleep 0.001\r\nsudo nohup systemctl start consul.service\r\n#1\u003e /logs/vault/vaultstartup.out 2\u003e /logs/vault/vaultstartup.err \u0026\r\n#sudo nohup systemctl start vault.service  \u003e /logs/vault/vaultstartup.log \u0026\r\nsleep 50\r\nsudo systemctl enable consul.service\r\nsleep 10\r\n\r\n#systemctl reload-configuration\r\n\r\n\r\n# ./consul agent -server -data-dir=/var/tmp/consul -client=0.0.0.0 -bind 127.0.0.1 -datacenter=AWS_REGION -bootstrap-expect=3 -ui\r\n",
                            "vars.%": "2",
                            "vars.cluster_tag_key": "consul-servers",
                            "vars.cluster_tag_value": "consul"
                        },
                        "meta": {},
                        "tainted": false
                    },
                    "deposed": [],
                    "provider": "provider.template"
                },
                "data.template_file.user_data_server": {
                    "type": "template_file",
                    "depends_on": [],
                    "primary": {
                        "id": "f3a694681535cf0db2a92e0c878e0388785f67556a4754d4e9b132795e423c20",
                        "attributes": {
                            "id": "f3a694681535cf0db2a92e0c878e0388785f67556a4754d4e9b132795e423c20",
                            "rendered": "#!/usr/bin/env bash\r\nset -e\r\n\r\n# Install packages\r\nsudo yum install -y unzip git\r\n\r\n\r\nmkdir /var/tmp/consul\r\ncd /var/tmp/consul\r\n# Download Vault into directory\r\ncurl -L \"https://releases.hashicorp.com/consul/1.4.4/consul_1.4.4_linux_amd64.zip\" \u003e /var/tmp/consul/consul.zip\r\n\r\nsudo unzip *.zip -d .\r\n\r\n# Setup the configuration\r\n/usr/bin/git init\r\n/usr/bin/git config core.sparsecheckout true\r\n/usr/bin/git remote add -f origin  https://github.com/TeraThink/vault.git\r\necho \"terraform/aws/consul/inputfiles/*\" \u003e .git/info/sparse-checkout\r\necho \"terraform/aws/consul/runtimescripts/*\" \u003e\u003e .git/info/sparse-checkout\r\nsleep 0.001\r\n/usr/bin/git pull origin master\r\nsleep 0.001\r\n\r\n\r\nsudo mv consul /usr/local/bin\r\nsudo mkdir -p /etc/consul/ /logs/consul/\r\n\r\nsudo cp terraform/aws/consul/inputfiles/demoEnv/config.json /etc/consul/config.json\r\nsudo cp terraform/aws/consul/inputfiles/demoEnv/consul.service /etc/systemd/system/\r\nsudo chmod 700 terraform/aws/consul/runtimescripts/ipadd.sh\r\nsleep 0.001\r\nsudo terraform/aws/consul/runtimescripts/ipadd.sh /etc/consul/config.json true\r\nsleep 0.001\r\n\r\n\r\nsudo nohup systemctl start consul.service\r\n#1\u003e /logs/vault/vaultstartup.out 2\u003e /logs/vault/vaultstartup.err \u0026\r\n#sudo nohup systemctl start vault.service  \u003e /logs/vault/vaultstartup.log \u0026\r\nsleep 50\r\nsudo systemctl enable consul.service\r\nsleep 10\r\n\r\n# ./consul agent -server -data-dir=/var/tmp/consul -client=0.0.0.0 -bind 127.0.0.1 -datacenter=AWS_REGION -bootstrap-expect=3 -ui\r\n",
                            "template": "#!/usr/bin/env bash\r\nset -e\r\n\r\n# Install packages\r\nsudo yum install -y unzip git\r\n\r\n\r\nmkdir /var/tmp/consul\r\ncd /var/tmp/consul\r\n# Download Vault into directory\r\ncurl -L \"https://releases.hashicorp.com/consul/1.4.4/consul_1.4.4_linux_amd64.zip\" \u003e /var/tmp/consul/consul.zip\r\n\r\nsudo unzip *.zip -d .\r\n\r\n# Setup the configuration\r\n/usr/bin/git init\r\n/usr/bin/git config core.sparsecheckout true\r\n/usr/bin/git remote add -f origin  https://github.com/TeraThink/vault.git\r\necho \"terraform/aws/consul/inputfiles/*\" \u003e .git/info/sparse-checkout\r\necho \"terraform/aws/consul/runtimescripts/*\" \u003e\u003e .git/info/sparse-checkout\r\nsleep 0.001\r\n/usr/bin/git pull origin master\r\nsleep 0.001\r\n\r\n\r\nsudo mv consul /usr/local/bin\r\nsudo mkdir -p /etc/consul/ /logs/consul/\r\n\r\nsudo cp terraform/aws/consul/inputfiles/demoEnv/config.json /etc/consul/config.json\r\nsudo cp terraform/aws/consul/inputfiles/demoEnv/consul.service /etc/systemd/system/\r\nsudo chmod 700 terraform/aws/consul/runtimescripts/ipadd.sh\r\nsleep 0.001\r\nsudo terraform/aws/consul/runtimescripts/ipadd.sh /etc/consul/config.json true\r\nsleep 0.001\r\n\r\n\r\nsudo nohup systemctl start consul.service\r\n#1\u003e /logs/vault/vaultstartup.out 2\u003e /logs/vault/vaultstartup.err \u0026\r\n#sudo nohup systemctl start vault.service  \u003e /logs/vault/vaultstartup.log \u0026\r\nsleep 50\r\nsudo systemctl enable consul.service\r\nsleep 10\r\n\r\n# ./consul agent -server -data-dir=/var/tmp/consul -client=0.0.0.0 -bind 127.0.0.1 -datacenter=AWS_REGION -bootstrap-expect=3 -ui\r\n",
                            "vars.%": "2",
                            "vars.cluster_tag_key": "consul-servers",
                            "vars.cluster_tag_value": "consul"
                        },
                        "meta": {},
                        "tainted": false
                    },
                    "deposed": [],
                    "provider": "provider.template"
                }
            },
            "depends_on": []
        },
        {
            "path": [
                "root",
                "consul_clients"
            ],
            "outputs": {
                "asg_name": {
                    "sensitive": false,
                    "type": "string",
                    "value": "consul-client2019032714284938590000000a"
                },
                "cluster_size": {
                    "sensitive": false,
                    "type": "string",
                    "value": "2"
                },
                "cluster_tag_key": {
                    "sensitive": false,
                    "type": "string",
                    "value": "consul-clients"
                },
                "cluster_tag_value": {
                    "sensitive": false,
                    "type": "string",
                    "value": "consul"
                },
                "iam_role_arn": {
                    "sensitive": false,
                    "type": "string",
                    "value": "arn:aws:iam::728403742088:role/consul-client20190327142834170600000001"
                },
                "iam_role_id": {
                    "sensitive": false,
                    "type": "string",
                    "value": "consul-client20190327142834170600000001"
                },
                "launch_config_name": {
                    "sensitive": false,
                    "type": "string",
                    "value": "consul-client-20190327142836012500000007"
                },
                "security_group_id": {
                    "sensitive": false,
                    "type": "string",
                    "value": "sg-03df42e1ac0c83440"
                }
            },
            "resources": {
                "aws_autoscaling_group.autoscaling_group": {
                    "type": "aws_autoscaling_group",
                    "depends_on": [
                        "aws_launch_configuration.launch_configuration"
                    ],
                    "primary": {
                        "id": "consul-client2019032714284938590000000a",
                        "attributes": {
                            "arn": "arn:aws:autoscaling:us-east-1:728403742088:autoScalingGroup:41147510-d8cc-487d-b978-c2bf876a4fd7:autoScalingGroupName/consul-client2019032714284938590000000a",
                            "availability_zones.#": "1",
                            "availability_zones.3569565595": "us-east-1a",
                            "default_cooldown": "300",
                            "desired_capacity": "2",
                            "enabled_metrics.#": "0",
                            "force_delete": "false",
                            "health_check_grace_period": "300",
                            "health_check_type": "EC2",
                            "id": "consul-client2019032714284938590000000a",
                            "launch_configuration": "consul-client-20190327142836012500000007",
                            "launch_template.#": "0",
                            "load_balancers.#": "0",
                            "max_size": "2",
                            "metrics_granularity": "1Minute",
                            "min_size": "2",
                            "mixed_instances_policy.#": "0",
                            "name": "consul-client2019032714284938590000000a",
                            "name_prefix": "consul-client",
                            "placement_group": "",
                            "protect_from_scale_in": "false",
                            "service_linked_role_arn": "arn:aws:iam::728403742088:role/aws-service-role/autoscaling.amazonaws.com/AWSServiceRoleForAutoScaling",
                            "suspended_processes.#": "0",
                            "tags.#": "2",
                            "tags.0.%": "3",
                            "tags.0.key": "Name",
                            "tags.0.propagate_at_launch": "1",
                            "tags.0.value": "consul-client",
                            "tags.1.%": "3",
                            "tags.1.key": "consul-clients",
                            "tags.1.propagate_at_launch": "1",
                            "tags.1.value": "consul",
                            "target_group_arns.#": "0",
                            "termination_policies.#": "1",
                            "termination_policies.0": "Default",
                            "vpc_zone_identifier.#": "1",
                            "vpc_zone_identifier.475619028": "subnet-762f8a2a",
                            "wait_for_capacity_timeout": "10m"
                        },
                        "meta": {
                            "e2bfb730-ecaa-11e6-8f88-34363bc7c4c0": {
                                "delete": 600000000000
                            }
                        },
                        "tainted": false
                    },
                    "deposed": [],
                    "provider": "provider.aws"
                },
                "aws_iam_instance_profile.instance_profile": {
                    "type": "aws_iam_instance_profile",
                    "depends_on": [
                        "aws_iam_role.instance_role.*"
                    ],
                    "primary": {
                        "id": "consul-client20190327142834462800000005",
                        "attributes": {
                            "arn": "arn:aws:iam::728403742088:instance-profile/consul-client20190327142834462800000005",
                            "create_date": "2019-03-27T14:28:38Z",
                            "id": "consul-client20190327142834462800000005",
                            "name": "consul-client20190327142834462800000005",
                            "name_prefix": "consul-client",
                            "path": "/",
                            "role": "consul-client20190327142834170600000001",
                            "roles.#": "0",
                            "unique_id": "AIPAJNOVUISGMTNASJ45G"
                        },
                        "meta": {},
                        "tainted": false
                    },
                    "deposed": [],
                    "provider": "provider.aws"
                },
                "aws_iam_role.instance_role": {
                    "type": "aws_iam_role",
                    "depends_on": [
                        "data.aws_iam_policy_document.instance_role"
                    ],
                    "primary": {
                        "id": "consul-client20190327142834170600000001",
                        "attributes": {
                            "arn": "arn:aws:iam::728403742088:role/consul-client20190327142834170600000001",
                            "assume_role_policy": "{\"Version\":\"2012-10-17\",\"Statement\":[{\"Sid\":\"\",\"Effect\":\"Allow\",\"Principal\":{\"Service\":\"ec2.amazonaws.com\"},\"Action\":\"sts:AssumeRole\"}]}",
                            "create_date": "2019-03-27T14:28:37Z",
                            "description": "",
                            "force_detach_policies": "false",
                            "id": "consul-client20190327142834170600000001",
                            "max_session_duration": "3600",
                            "name": "consul-client20190327142834170600000001",
                            "name_prefix": "consul-client",
                            "path": "/",
                            "tags.%": "0",
                            "unique_id": "AROAJHUETNVIIP75BMJGS"
                        },
                        "meta": {},
                        "tainted": false
                    },
                    "deposed": [],
                    "provider": "provider.aws"
                },
                "aws_launch_configuration.launch_configuration": {
                    "type": "aws_launch_configuration",
                    "depends_on": [
                        "aws_iam_instance_profile.instance_profile.*",
                        "aws_security_group.lc_security_group"
                    ],
                    "primary": {
                        "id": "consul-client-20190327142836012500000007",
                        "attributes": {
                            "associate_public_ip_address": "false",
                            "ebs_block_device.#": "0",
                            "ebs_optimized": "false",
                            "enable_monitoring": "true",
                            "ephemeral_block_device.#": "0",
                            "iam_instance_profile": "consul-client20190327142834462800000005",
                            "id": "consul-client-20190327142836012500000007",
                            "image_id": "ami-0ec3600483abd26e0",
                            "instance_type": "t2.micro",
                            "key_name": "vault_test",
                            "name": "consul-client-20190327142836012500000007",
                            "name_prefix": "consul-client-",
                            "root_block_device.#": "1",
                            "root_block_device.0.delete_on_termination": "true",
                            "root_block_device.0.iops": "0",
                            "root_block_device.0.volume_size": "100",
                            "root_block_device.0.volume_type": "standard",
                            "security_groups.#": "1",
                            "security_groups.3672074498": "sg-03df42e1ac0c83440",
                            "spot_price": "",
                            "user_data": "017eccabc50a4765e6933d0c2336644c09b2f375",
                            "vpc_classic_link_id": "",
                            "vpc_classic_link_security_groups.#": "0"
                        },
                        "meta": {},
                        "tainted": false
                    },
                    "deposed": [],
                    "provider": "provider.aws"
                },
                "aws_security_group.lc_security_group": {
                    "type": "aws_security_group",
                    "depends_on": [],
                    "primary": {
                        "id": "sg-03df42e1ac0c83440",
                        "attributes": {
                            "arn": "arn:aws:ec2:us-east-1:728403742088:security-group/sg-03df42e1ac0c83440",
                            "description": "Security group for the consul-client launch configuration",
                            "egress.#": "0",
                            "id": "sg-03df42e1ac0c83440",
                            "ingress.#": "0",
                            "name": "consul-client20190327142834171600000004",
                            "name_prefix": "consul-client",
                            "owner_id": "728403742088",
                            "revoke_rules_on_delete": "false",
                            "tags.%": "1",
                            "tags.Name": "consul-client",
                            "vpc_id": "vpc-53f91529"
                        },
                        "meta": {
                            "e2bfb730-ecaa-11e6-8f88-34363bc7c4c0": {
                                "create": 600000000000,
                                "delete": 600000000000
                            },
                            "schema_version": "1"
                        },
                        "tainted": false
                    },
                    "deposed": [],
                    "provider": "provider.aws"
                },
                "aws_security_group_rule.allow_all_outbound": {
                    "type": "aws_security_group_rule",
                    "depends_on": [
                        "aws_security_group.lc_security_group"
                    ],
                    "primary": {
                        "id": "sgrule-3843228277",
                        "attributes": {
                            "cidr_blocks.#": "1",
                            "cidr_blocks.0": "0.0.0.0/0",
                            "from_port": "0",
                            "id": "sgrule-3843228277",
                            "protocol": "-1",
                            "security_group_id": "sg-03df42e1ac0c83440",
                            "self": "false",
                            "to_port": "0",
                            "type": "egress"
                        },
                        "meta": {
                            "schema_version": "2"
                        },
                        "tainted": false
                    },
                    "deposed": [],
                    "provider": "provider.aws"
                },
                "aws_security_group_rule.allow_ssh_inbound": {
                    "type": "aws_security_group_rule",
                    "depends_on": [
                        "aws_security_group.lc_security_group"
                    ],
                    "primary": {
                        "id": "sgrule-1527820233",
                        "attributes": {
                            "cidr_blocks.#": "1",
                            "cidr_blocks.0": "0.0.0.0/0",
                            "from_port": "22",
                            "id": "sgrule-1527820233",
                            "protocol": "tcp",
                            "security_group_id": "sg-03df42e1ac0c83440",
                            "self": "false",
                            "to_port": "22",
                            "type": "ingress"
                        },
                        "meta": {
                            "schema_version": "2"
                        },
                        "tainted": false
                    },
                    "deposed": [],
                    "provider": "provider.aws"
                },
                "data.aws_iam_policy_document.instance_role": {
                    "type": "aws_iam_policy_document",
                    "depends_on": [],
                    "primary": {
                        "id": "1903849331",
                        "attributes": {
                            "id": "1903849331",
                            "json": "{\n  \"Version\": \"2012-10-17\",\n  \"Statement\": [\n    {\n      \"Sid\": \"\",\n      \"Effect\": \"Allow\",\n      \"Action\": \"sts:AssumeRole\",\n      \"Principal\": {\n        \"Service\": \"ec2.amazonaws.com\"\n      }\n    }\n  ]\n}",
                            "statement.#": "1",
                            "statement.0.actions.#": "1",
                            "statement.0.actions.2528466339": "sts:AssumeRole",
                            "statement.0.condition.#": "0",
                            "statement.0.effect": "Allow",
                            "statement.0.not_actions.#": "0",
                            "statement.0.not_principals.#": "0",
                            "statement.0.not_resources.#": "0",
                            "statement.0.principals.#": "1",
                            "statement.0.principals.1134724139.identifiers.#": "1",
                            "statement.0.principals.1134724139.identifiers.3655884555": "ec2.amazonaws.com",
                            "statement.0.principals.1134724139.type": "Service",
                            "statement.0.resources.#": "0",
                            "statement.0.sid": "",
                            "version": "2012-10-17"
                        },
                        "meta": {},
                        "tainted": false
                    },
                    "deposed": [],
                    "provider": "provider.aws"
                }
            },
            "depends_on": []
        },
        {
            "path": [
                "root",
                "consul_servers"
            ],
            "outputs": {
                "asg_name": {
                    "sensitive": false,
                    "type": "string",
                    "value": "consul-server20190327142849148600000009"
                },
                "cluster_size": {
                    "sensitive": false,
                    "type": "string",
                    "value": "2"
                },
                "cluster_tag_key": {
                    "sensitive": false,
                    "type": "string",
                    "value": "consul-servers"
                },
                "cluster_tag_value": {
                    "sensitive": false,
                    "type": "string",
                    "value": "consul"
                },
                "iam_role_arn": {
                    "sensitive": false,
                    "type": "string",
                    "value": "arn:aws:iam::728403742088:role/consul-server20190327142834170600000002"
                },
                "iam_role_id": {
                    "sensitive": false,
                    "type": "string",
                    "value": "consul-server20190327142834170600000002"
                },
                "launch_config_name": {
                    "sensitive": false,
                    "type": "string",
                    "value": "consul-server-20190327142842721100000008"
                },
                "security_group_id": {
                    "sensitive": false,
                    "type": "string",
                    "value": "sg-08864017350ff0ba4"
                }
            },
            "resources": {
                "aws_autoscaling_group.autoscaling_group": {
                    "type": "aws_autoscaling_group",
                    "depends_on": [
                        "aws_launch_configuration.launch_configuration"
                    ],
                    "primary": {
                        "id": "consul-server20190327142849148600000009",
                        "attributes": {
                            "arn": "arn:aws:autoscaling:us-east-1:728403742088:autoScalingGroup:0ddc4ae8-b192-4e98-8ddb-d3ee588e97df:autoScalingGroupName/consul-server20190327142849148600000009",
                            "availability_zones.#": "1",
                            "availability_zones.3569565595": "us-east-1a",
                            "default_cooldown": "300",
                            "desired_capacity": "2",
                            "enabled_metrics.#": "0",
                            "force_delete": "false",
                            "health_check_grace_period": "300",
                            "health_check_type": "EC2",
                            "id": "consul-server20190327142849148600000009",
                            "launch_configuration": "consul-server-20190327142842721100000008",
                            "launch_template.#": "0",
                            "load_balancers.#": "0",
                            "max_size": "2",
                            "metrics_granularity": "1Minute",
                            "min_size": "2",
                            "mixed_instances_policy.#": "0",
                            "name": "consul-server20190327142849148600000009",
                            "name_prefix": "consul-server",
                            "placement_group": "",
                            "protect_from_scale_in": "false",
                            "service_linked_role_arn": "arn:aws:iam::728403742088:role/aws-service-role/autoscaling.amazonaws.com/AWSServiceRoleForAutoScaling",
                            "suspended_processes.#": "0",
                            "tags.#": "3",
                            "tags.0.%": "3",
                            "tags.0.key": "Name",
                            "tags.0.propagate_at_launch": "1",
                            "tags.0.value": "consul-server",
                            "tags.1.%": "3",
                            "tags.1.key": "consul-servers",
                            "tags.1.propagate_at_launch": "1",
                            "tags.1.value": "consul",
                            "tags.2.%": "3",
                            "tags.2.key": "Environment",
                            "tags.2.propagate_at_launch": "1",
                            "tags.2.value": "development",
                            "target_group_arns.#": "0",
                            "termination_policies.#": "1",
                            "termination_policies.0": "Default",
                            "vpc_zone_identifier.#": "1",
                            "vpc_zone_identifier.475619028": "subnet-762f8a2a",
                            "wait_for_capacity_timeout": "10m"
                        },
                        "meta": {
                            "e2bfb730-ecaa-11e6-8f88-34363bc7c4c0": {
                                "delete": 600000000000
                            }
                        },
                        "tainted": false
                    },
                    "deposed": [],
                    "provider": "provider.aws"
                },
                "aws_iam_instance_profile.instance_profile": {
                    "type": "aws_iam_instance_profile",
                    "depends_on": [
                        "aws_iam_role.instance_role.*"
                    ],
                    "primary": {
                        "id": "consul-server20190327142834462800000006",
                        "attributes": {
                            "arn": "arn:aws:iam::728403742088:instance-profile/consul-server20190327142834462800000006",
                            "create_date": "2019-03-27T14:28:38Z",
                            "id": "consul-server20190327142834462800000006",
                            "name": "consul-server20190327142834462800000006",
                            "name_prefix": "consul-server",
                            "path": "/",
                            "role": "consul-server20190327142834170600000002",
                            "roles.#": "0",
                            "unique_id": "AIPAJSZVLHJFKXUKBZ3BC"
                        },
                        "meta": {},
                        "tainted": false
                    },
                    "deposed": [],
                    "provider": "provider.aws"
                },
                "aws_iam_role.instance_role": {
                    "type": "aws_iam_role",
                    "depends_on": [
                        "data.aws_iam_policy_document.instance_role"
                    ],
                    "primary": {
                        "id": "consul-server20190327142834170600000002",
                        "attributes": {
                            "arn": "arn:aws:iam::728403742088:role/consul-server20190327142834170600000002",
                            "assume_role_policy": "{\"Version\":\"2012-10-17\",\"Statement\":[{\"Sid\":\"\",\"Effect\":\"Allow\",\"Principal\":{\"Service\":\"ec2.amazonaws.com\"},\"Action\":\"sts:AssumeRole\"}]}",
                            "create_date": "2019-03-27T14:28:37Z",
                            "description": "",
                            "force_detach_policies": "false",
                            "id": "consul-server20190327142834170600000002",
                            "max_session_duration": "3600",
                            "name": "consul-server20190327142834170600000002",
                            "name_prefix": "consul-server",
                            "path": "/",
                            "tags.%": "0",
                            "unique_id": "AROAJKTZHP6UYY5PMQQ2G"
                        },
                        "meta": {},
                        "tainted": false
                    },
                    "deposed": [],
                    "provider": "provider.aws"
                },
                "aws_launch_configuration.launch_configuration": {
                    "type": "aws_launch_configuration",
                    "depends_on": [
                        "aws_iam_instance_profile.instance_profile.*",
                        "aws_security_group.lc_security_group"
                    ],
                    "primary": {
                        "id": "consul-server-20190327142842721100000008",
                        "attributes": {
                            "associate_public_ip_address": "false",
                            "ebs_block_device.#": "0",
                            "ebs_optimized": "false",
                            "enable_monitoring": "true",
                            "ephemeral_block_device.#": "0",
                            "iam_instance_profile": "consul-server20190327142834462800000006",
                            "id": "consul-server-20190327142842721100000008",
                            "image_id": "ami-0ec3600483abd26e0",
                            "instance_type": "t2.micro",
                            "key_name": "vault_test",
                            "name": "consul-server-20190327142842721100000008",
                            "name_prefix": "consul-server-",
                            "root_block_device.#": "1",
                            "root_block_device.0.delete_on_termination": "true",
                            "root_block_device.0.iops": "0",
                            "root_block_device.0.volume_size": "100",
                            "root_block_device.0.volume_type": "standard",
                            "security_groups.#": "1",
                            "security_groups.3876022214": "sg-08864017350ff0ba4",
                            "spot_price": "",
                            "user_data": "b8e743f5e592815cdd1981b9d49313158915c8bc",
                            "vpc_classic_link_id": "",
                            "vpc_classic_link_security_groups.#": "0"
                        },
                        "meta": {},
                        "tainted": false
                    },
                    "deposed": [],
                    "provider": "provider.aws"
                },
                "aws_security_group.lc_security_group": {
                    "type": "aws_security_group",
                    "depends_on": [],
                    "primary": {
                        "id": "sg-08864017350ff0ba4",
                        "attributes": {
                            "arn": "arn:aws:ec2:us-east-1:728403742088:security-group/sg-08864017350ff0ba4",
                            "description": "Security group for the consul-server launch configuration",
                            "egress.#": "0",
                            "id": "sg-08864017350ff0ba4",
                            "ingress.#": "0",
                            "name": "consul-server20190327142834171600000003",
                            "name_prefix": "consul-server",
                            "owner_id": "728403742088",
                            "revoke_rules_on_delete": "false",
                            "tags.%": "1",
                            "tags.Name": "consul-server",
                            "vpc_id": "vpc-53f91529"
                        },
                        "meta": {
                            "e2bfb730-ecaa-11e6-8f88-34363bc7c4c0": {
                                "create": 600000000000,
                                "delete": 600000000000
                            },
                            "schema_version": "1"
                        },
                        "tainted": false
                    },
                    "deposed": [],
                    "provider": "provider.aws"
                },
                "aws_security_group_rule.allow_all_outbound": {
                    "type": "aws_security_group_rule",
                    "depends_on": [
                        "aws_security_group.lc_security_group"
                    ],
                    "primary": {
                        "id": "sgrule-1710531791",
                        "attributes": {
                            "cidr_blocks.#": "1",
                            "cidr_blocks.0": "0.0.0.0/0",
                            "from_port": "0",
                            "id": "sgrule-1710531791",
                            "protocol": "-1",
                            "security_group_id": "sg-08864017350ff0ba4",
                            "self": "false",
                            "to_port": "0",
                            "type": "egress"
                        },
                        "meta": {
                            "schema_version": "2"
                        },
                        "tainted": false
                    },
                    "deposed": [],
                    "provider": "provider.aws"
                },
                "aws_security_group_rule.allow_ssh_inbound": {
                    "type": "aws_security_group_rule",
                    "depends_on": [
                        "aws_security_group.lc_security_group"
                    ],
                    "primary": {
                        "id": "sgrule-2197428314",
                        "attributes": {
                            "cidr_blocks.#": "1",
                            "cidr_blocks.0": "0.0.0.0/0",
                            "from_port": "22",
                            "id": "sgrule-2197428314",
                            "protocol": "tcp",
                            "security_group_id": "sg-08864017350ff0ba4",
                            "self": "false",
                            "to_port": "22",
                            "type": "ingress"
                        },
                        "meta": {
                            "schema_version": "2"
                        },
                        "tainted": false
                    },
                    "deposed": [],
                    "provider": "provider.aws"
                },
                "data.aws_iam_policy_document.instance_role": {
                    "type": "aws_iam_policy_document",
                    "depends_on": [],
                    "primary": {
                        "id": "1903849331",
                        "attributes": {
                            "id": "1903849331",
                            "json": "{\n  \"Version\": \"2012-10-17\",\n  \"Statement\": [\n    {\n      \"Sid\": \"\",\n      \"Effect\": \"Allow\",\n      \"Action\": \"sts:AssumeRole\",\n      \"Principal\": {\n        \"Service\": \"ec2.amazonaws.com\"\n      }\n    }\n  ]\n}",
                            "statement.#": "1",
                            "statement.0.actions.#": "1",
                            "statement.0.actions.2528466339": "sts:AssumeRole",
                            "statement.0.condition.#": "0",
                            "statement.0.effect": "Allow",
                            "statement.0.not_actions.#": "0",
                            "statement.0.not_principals.#": "0",
                            "statement.0.not_resources.#": "0",
                            "statement.0.principals.#": "1",
                            "statement.0.principals.1134724139.identifiers.#": "1",
                            "statement.0.principals.1134724139.identifiers.3655884555": "ec2.amazonaws.com",
                            "statement.0.principals.1134724139.type": "Service",
                            "statement.0.resources.#": "0",
                            "statement.0.sid": "",
                            "version": "2012-10-17"
                        },
                        "meta": {},
                        "tainted": false
                    },
                    "deposed": [],
                    "provider": "provider.aws"
                }
            },
            "depends_on": []
        },
        {
            "path": [
                "root",
                "consul_clients",
                "iam_policies"
            ],
            "outputs": {},
            "resources": {
                "aws_iam_role_policy.auto_discover_cluster": {
                    "type": "aws_iam_role_policy",
                    "depends_on": [
                        "data.aws_iam_policy_document.auto_discover_cluster"
                    ],
                    "primary": {
                        "id": "consul-client20190327142834170600000001:auto-discover-cluster",
                        "attributes": {
                            "id": "consul-client20190327142834170600000001:auto-discover-cluster",
                            "name": "auto-discover-cluster",
                            "policy": "{\n  \"Version\": \"2012-10-17\",\n  \"Statement\": [\n    {\n      \"Sid\": \"\",\n      \"Effect\": \"Allow\",\n      \"Action\": [\n        \"ec2:DescribeTags\",\n        \"ec2:DescribeInstances\",\n        \"autoscaling:DescribeAutoScalingGroups\"\n      ],\n      \"Resource\": \"*\"\n    }\n  ]\n}",
                            "role": "consul-client20190327142834170600000001"
                        },
                        "meta": {},
                        "tainted": false
                    },
                    "deposed": [],
                    "provider": "provider.aws"
                },
                "data.aws_iam_policy_document.auto_discover_cluster": {
                    "type": "aws_iam_policy_document",
                    "depends_on": [],
                    "primary": {
                        "id": "2069168386",
                        "attributes": {
                            "id": "2069168386",
                            "json": "{\n  \"Version\": \"2012-10-17\",\n  \"Statement\": [\n    {\n      \"Sid\": \"\",\n      \"Effect\": \"Allow\",\n      \"Action\": [\n        \"ec2:DescribeTags\",\n        \"ec2:DescribeInstances\",\n        \"autoscaling:DescribeAutoScalingGroups\"\n      ],\n      \"Resource\": \"*\"\n    }\n  ]\n}",
                            "statement.#": "1",
                            "statement.0.actions.#": "3",
                            "statement.0.actions.1274732150": "autoscaling:DescribeAutoScalingGroups",
                            "statement.0.actions.3466923763": "ec2:DescribeInstances",
                            "statement.0.actions.810672830": "ec2:DescribeTags",
                            "statement.0.condition.#": "0",
                            "statement.0.effect": "Allow",
                            "statement.0.not_actions.#": "0",
                            "statement.0.not_principals.#": "0",
                            "statement.0.not_resources.#": "0",
                            "statement.0.principals.#": "0",
                            "statement.0.resources.#": "1",
                            "statement.0.resources.2679715827": "*",
                            "statement.0.sid": "",
                            "version": "2012-10-17"
                        },
                        "meta": {},
                        "tainted": false
                    },
                    "deposed": [],
                    "provider": "provider.aws"
                }
            },
            "depends_on": []
        },
        {
            "path": [
                "root",
                "consul_clients",
                "security_group_rules"
            ],
            "outputs": {},
            "resources": {
                "aws_security_group_rule.allow_cli_rpc_inbound": {
                    "type": "aws_security_group_rule",
                    "depends_on": [],
                    "primary": {
                        "id": "sgrule-318214263",
                        "attributes": {
                            "cidr_blocks.#": "1",
                            "cidr_blocks.0": "0.0.0.0/0",
                            "from_port": "8400",
                            "id": "sgrule-318214263",
                            "protocol": "tcp",
                            "security_group_id": "sg-03df42e1ac0c83440",
                            "self": "false",
                            "to_port": "8400",
                            "type": "ingress"
                        },
                        "meta": {
                            "schema_version": "2"
                        },
                        "tainted": false
                    },
                    "deposed": [],
                    "provider": "provider.aws"
                },
                "aws_security_group_rule.allow_cli_rpc_inbound_from_self": {
                    "type": "aws_security_group_rule",
                    "depends_on": [],
                    "primary": {
                        "id": "sgrule-1274344878",
                        "attributes": {
                            "from_port": "8400",
                            "id": "sgrule-1274344878",
                            "protocol": "tcp",
                            "security_group_id": "sg-03df42e1ac0c83440",
                            "self": "true",
                            "to_port": "8400",
                            "type": "ingress"
                        },
                        "meta": {
                            "schema_version": "2"
                        },
                        "tainted": false
                    },
                    "deposed": [],
                    "provider": "provider.aws"
                },
                "aws_security_group_rule.allow_dns_tcp_inbound": {
                    "type": "aws_security_group_rule",
                    "depends_on": [],
                    "primary": {
                        "id": "sgrule-443681466",
                        "attributes": {
                            "cidr_blocks.#": "1",
                            "cidr_blocks.0": "0.0.0.0/0",
                            "from_port": "8600",
                            "id": "sgrule-443681466",
                            "protocol": "tcp",
                            "security_group_id": "sg-03df42e1ac0c83440",
                            "self": "false",
                            "to_port": "8600",
                            "type": "ingress"
                        },
                        "meta": {
                            "schema_version": "2"
                        },
                        "tainted": false
                    },
                    "deposed": [],
                    "provider": "provider.aws"
                },
                "aws_security_group_rule.allow_dns_tcp_inbound_from_self": {
                    "type": "aws_security_group_rule",
                    "depends_on": [],
                    "primary": {
                        "id": "sgrule-95675869",
                        "attributes": {
                            "from_port": "8600",
                            "id": "sgrule-95675869",
                            "protocol": "tcp",
                            "security_group_id": "sg-03df42e1ac0c83440",
                            "self": "true",
                            "to_port": "8600",
                            "type": "ingress"
                        },
                        "meta": {
                            "schema_version": "2"
                        },
                        "tainted": false
                    },
                    "deposed": [],
                    "provider": "provider.aws"
                },
                "aws_security_group_rule.allow_dns_udp_inbound": {
                    "type": "aws_security_group_rule",
                    "depends_on": [],
                    "primary": {
                        "id": "sgrule-1690167330",
                        "attributes": {
                            "cidr_blocks.#": "1",
                            "cidr_blocks.0": "0.0.0.0/0",
                            "from_port": "8600",
                            "id": "sgrule-1690167330",
                            "protocol": "udp",
                            "security_group_id": "sg-03df42e1ac0c83440",
                            "self": "false",
                            "to_port": "8600",
                            "type": "ingress"
                        },
                        "meta": {
                            "schema_version": "2"
                        },
                        "tainted": false
                    },
                    "deposed": [],
                    "provider": "provider.aws"
                },
                "aws_security_group_rule.allow_dns_udp_inbound_from_self": {
                    "type": "aws_security_group_rule",
                    "depends_on": [],
                    "primary": {
                        "id": "sgrule-2716616242",
                        "attributes": {
                            "from_port": "8600",
                            "id": "sgrule-2716616242",
                            "protocol": "udp",
                            "security_group_id": "sg-03df42e1ac0c83440",
                            "self": "true",
                            "to_port": "8600",
                            "type": "ingress"
                        },
                        "meta": {
                            "schema_version": "2"
                        },
                        "tainted": false
                    },
                    "deposed": [],
                    "provider": "provider.aws"
                },
                "aws_security_group_rule.allow_http_api_inbound": {
                    "type": "aws_security_group_rule",
                    "depends_on": [],
                    "primary": {
                        "id": "sgrule-4211990065",
                        "attributes": {
                            "cidr_blocks.#": "1",
                            "cidr_blocks.0": "0.0.0.0/0",
                            "from_port": "8500",
                            "id": "sgrule-4211990065",
                            "protocol": "tcp",
                            "security_group_id": "sg-03df42e1ac0c83440",
                            "self": "false",
                            "to_port": "8500",
                            "type": "ingress"
                        },
                        "meta": {
                            "schema_version": "2"
                        },
                        "tainted": false
                    },
                    "deposed": [],
                    "provider": "provider.aws"
                },
                "aws_security_group_rule.allow_http_api_inbound_from_self": {
                    "type": "aws_security_group_rule",
                    "depends_on": [],
                    "primary": {
                        "id": "sgrule-2171600567",
                        "attributes": {
                            "from_port": "8500",
                            "id": "sgrule-2171600567",
                            "protocol": "tcp",
                            "security_group_id": "sg-03df42e1ac0c83440",
                            "self": "true",
                            "to_port": "8500",
                            "type": "ingress"
                        },
                        "meta": {
                            "schema_version": "2"
                        },
                        "tainted": false
                    },
                    "deposed": [],
                    "provider": "provider.aws"
                },
                "aws_security_group_rule.allow_serf_wan_tcp_inbound": {
                    "type": "aws_security_group_rule",
                    "depends_on": [],
                    "primary": {
                        "id": "sgrule-4256632609",
                        "attributes": {
                            "cidr_blocks.#": "1",
                            "cidr_blocks.0": "0.0.0.0/0",
                            "from_port": "8302",
                            "id": "sgrule-4256632609",
                            "protocol": "tcp",
                            "security_group_id": "sg-03df42e1ac0c83440",
                            "self": "false",
                            "to_port": "8302",
                            "type": "ingress"
                        },
                        "meta": {
                            "schema_version": "2"
                        },
                        "tainted": false
                    },
                    "deposed": [],
                    "provider": "provider.aws"
                },
                "aws_security_group_rule.allow_serf_wan_tcp_inbound_from_self": {
                    "type": "aws_security_group_rule",
                    "depends_on": [],
                    "primary": {
                        "id": "sgrule-2842183242",
                        "attributes": {
                            "from_port": "8302",
                            "id": "sgrule-2842183242",
                            "protocol": "tcp",
                            "security_group_id": "sg-03df42e1ac0c83440",
                            "self": "true",
                            "to_port": "8302",
                            "type": "ingress"
                        },
                        "meta": {
                            "schema_version": "2"
                        },
                        "tainted": false
                    },
                    "deposed": [],
                    "provider": "provider.aws"
                },
                "aws_security_group_rule.allow_serf_wan_udp_inbound": {
                    "type": "aws_security_group_rule",
                    "depends_on": [],
                    "primary": {
                        "id": "sgrule-2205740473",
                        "attributes": {
                            "cidr_blocks.#": "1",
                            "cidr_blocks.0": "0.0.0.0/0",
                            "from_port": "8302",
                            "id": "sgrule-2205740473",
                            "protocol": "udp",
                            "security_group_id": "sg-03df42e1ac0c83440",
                            "self": "false",
                            "to_port": "8302",
                            "type": "ingress"
                        },
                        "meta": {
                            "schema_version": "2"
                        },
                        "tainted": false
                    },
                    "deposed": [],
                    "provider": "provider.aws"
                },
                "aws_security_group_rule.allow_serf_wan_udp_inbound_from_self": {
                    "type": "aws_security_group_rule",
                    "depends_on": [],
                    "primary": {
                        "id": "sgrule-221767077",
                        "attributes": {
                            "from_port": "8302",
                            "id": "sgrule-221767077",
                            "protocol": "udp",
                            "security_group_id": "sg-03df42e1ac0c83440",
                            "self": "true",
                            "to_port": "8302",
                            "type": "ingress"
                        },
                        "meta": {
                            "schema_version": "2"
                        },
                        "tainted": false
                    },
                    "deposed": [],
                    "provider": "provider.aws"
                },
                "aws_security_group_rule.allow_server_rpc_inbound": {
                    "type": "aws_security_group_rule",
                    "depends_on": [],
                    "primary": {
                        "id": "sgrule-3800265062",
                        "attributes": {
                            "cidr_blocks.#": "1",
                            "cidr_blocks.0": "0.0.0.0/0",
                            "from_port": "8300",
                            "id": "sgrule-3800265062",
                            "protocol": "tcp",
                            "security_group_id": "sg-03df42e1ac0c83440",
                            "self": "false",
                            "to_port": "8300",
                            "type": "ingress"
                        },
                        "meta": {
                            "schema_version": "2"
                        },
                        "tainted": false
                    },
                    "deposed": [],
                    "provider": "provider.aws"
                },
                "aws_security_group_rule.allow_server_rpc_inbound_from_self": {
                    "type": "aws_security_group_rule",
                    "depends_on": [],
                    "primary": {
                        "id": "sgrule-1403440674",
                        "attributes": {
                            "from_port": "8300",
                            "id": "sgrule-1403440674",
                            "protocol": "tcp",
                            "security_group_id": "sg-03df42e1ac0c83440",
                            "self": "true",
                            "to_port": "8300",
                            "type": "ingress"
                        },
                        "meta": {
                            "schema_version": "2"
                        },
                        "tainted": false
                    },
                    "deposed": [],
                    "provider": "provider.aws"
                }
            },
            "depends_on": []
        },
        {
            "path": [
                "root",
                "consul_servers",
                "iam_policies"
            ],
            "outputs": {},
            "resources": {
                "aws_iam_role_policy.auto_discover_cluster": {
                    "type": "aws_iam_role_policy",
                    "depends_on": [
                        "data.aws_iam_policy_document.auto_discover_cluster"
                    ],
                    "primary": {
                        "id": "consul-server20190327142834170600000002:auto-discover-cluster",
                        "attributes": {
                            "id": "consul-server20190327142834170600000002:auto-discover-cluster",
                            "name": "auto-discover-cluster",
                            "policy": "{\n  \"Version\": \"2012-10-17\",\n  \"Statement\": [\n    {\n      \"Sid\": \"\",\n      \"Effect\": \"Allow\",\n      \"Action\": [\n        \"ec2:DescribeTags\",\n        \"ec2:DescribeInstances\",\n        \"autoscaling:DescribeAutoScalingGroups\"\n      ],\n      \"Resource\": \"*\"\n    }\n  ]\n}",
                            "role": "consul-server20190327142834170600000002"
                        },
                        "meta": {},
                        "tainted": false
                    },
                    "deposed": [],
                    "provider": "provider.aws"
                },
                "data.aws_iam_policy_document.auto_discover_cluster": {
                    "type": "aws_iam_policy_document",
                    "depends_on": [],
                    "primary": {
                        "id": "2069168386",
                        "attributes": {
                            "id": "2069168386",
                            "json": "{\n  \"Version\": \"2012-10-17\",\n  \"Statement\": [\n    {\n      \"Sid\": \"\",\n      \"Effect\": \"Allow\",\n      \"Action\": [\n        \"ec2:DescribeTags\",\n        \"ec2:DescribeInstances\",\n        \"autoscaling:DescribeAutoScalingGroups\"\n      ],\n      \"Resource\": \"*\"\n    }\n  ]\n}",
                            "statement.#": "1",
                            "statement.0.actions.#": "3",
                            "statement.0.actions.1274732150": "autoscaling:DescribeAutoScalingGroups",
                            "statement.0.actions.3466923763": "ec2:DescribeInstances",
                            "statement.0.actions.810672830": "ec2:DescribeTags",
                            "statement.0.condition.#": "0",
                            "statement.0.effect": "Allow",
                            "statement.0.not_actions.#": "0",
                            "statement.0.not_principals.#": "0",
                            "statement.0.not_resources.#": "0",
                            "statement.0.principals.#": "0",
                            "statement.0.resources.#": "1",
                            "statement.0.resources.2679715827": "*",
                            "statement.0.sid": "",
                            "version": "2012-10-17"
                        },
                        "meta": {},
                        "tainted": false
                    },
                    "deposed": [],
                    "provider": "provider.aws"
                }
            },
            "depends_on": []
        },
        {
            "path": [
                "root",
                "consul_servers",
                "security_group_rules"
            ],
            "outputs": {},
            "resources": {
                "aws_security_group_rule.allow_cli_rpc_inbound": {
                    "type": "aws_security_group_rule",
                    "depends_on": [],
                    "primary": {
                        "id": "sgrule-646793150",
                        "attributes": {
                            "cidr_blocks.#": "1",
                            "cidr_blocks.0": "0.0.0.0/0",
                            "from_port": "8400",
                            "id": "sgrule-646793150",
                            "protocol": "tcp",
                            "security_group_id": "sg-08864017350ff0ba4",
                            "self": "false",
                            "to_port": "8400",
                            "type": "ingress"
                        },
                        "meta": {
                            "schema_version": "2"
                        },
                        "tainted": false
                    },
                    "deposed": [],
                    "provider": "provider.aws"
                },
                "aws_security_group_rule.allow_cli_rpc_inbound_from_self": {
                    "type": "aws_security_group_rule",
                    "depends_on": [],
                    "primary": {
                        "id": "sgrule-2047175693",
                        "attributes": {
                            "from_port": "8400",
                            "id": "sgrule-2047175693",
                            "protocol": "tcp",
                            "security_group_id": "sg-08864017350ff0ba4",
                            "self": "true",
                            "to_port": "8400",
                            "type": "ingress"
                        },
                        "meta": {
                            "schema_version": "2"
                        },
                        "tainted": false
                    },
                    "deposed": [],
                    "provider": "provider.aws"
                },
                "aws_security_group_rule.allow_dns_tcp_inbound": {
                    "type": "aws_security_group_rule",
                    "depends_on": [],
                    "primary": {
                        "id": "sgrule-772332915",
                        "attributes": {
                            "cidr_blocks.#": "1",
                            "cidr_blocks.0": "0.0.0.0/0",
                            "from_port": "8600",
                            "id": "sgrule-772332915",
                            "protocol": "tcp",
                            "security_group_id": "sg-08864017350ff0ba4",
                            "self": "false",
                            "to_port": "8600",
                            "type": "ingress"
                        },
                        "meta": {
                            "schema_version": "2"
                        },
                        "tainted": false
                    },
                    "deposed": [],
                    "provider": "provider.aws"
                },
                "aws_security_group_rule.allow_dns_tcp_inbound_from_self": {
                    "type": "aws_security_group_rule",
                    "depends_on": [],
                    "primary": {
                        "id": "sgrule-876772478",
                        "attributes": {
                            "from_port": "8600",
                            "id": "sgrule-876772478",
                            "protocol": "tcp",
                            "security_group_id": "sg-08864017350ff0ba4",
                            "self": "true",
                            "to_port": "8600",
                            "type": "ingress"
                        },
                        "meta": {
                            "schema_version": "2"
                        },
                        "tainted": false
                    },
                    "deposed": [],
                    "provider": "provider.aws"
                },
                "aws_security_group_rule.allow_dns_udp_inbound": {
                    "type": "aws_security_group_rule",
                    "depends_on": [],
                    "primary": {
                        "id": "sgrule-1355235307",
                        "attributes": {
                            "cidr_blocks.#": "1",
                            "cidr_blocks.0": "0.0.0.0/0",
                            "from_port": "8600",
                            "id": "sgrule-1355235307",
                            "protocol": "udp",
                            "security_group_id": "sg-08864017350ff0ba4",
                            "self": "false",
                            "to_port": "8600",
                            "type": "ingress"
                        },
                        "meta": {
                            "schema_version": "2"
                        },
                        "tainted": false
                    },
                    "deposed": [],
                    "provider": "provider.aws"
                },
                "aws_security_group_rule.allow_dns_udp_inbound_from_self": {
                    "type": "aws_security_group_rule",
                    "depends_on": [],
                    "primary": {
                        "id": "sgrule-2417876881",
                        "attributes": {
                            "from_port": "8600",
                            "id": "sgrule-2417876881",
                            "protocol": "udp",
                            "security_group_id": "sg-08864017350ff0ba4",
                            "self": "true",
                            "to_port": "8600",
                            "type": "ingress"
                        },
                        "meta": {
                            "schema_version": "2"
                        },
                        "tainted": false
                    },
                    "deposed": [],
                    "provider": "provider.aws"
                },
                "aws_security_group_rule.allow_http_api_inbound": {
                    "type": "aws_security_group_rule",
                    "depends_on": [],
                    "primary": {
                        "id": "sgrule-3480685048",
                        "attributes": {
                            "cidr_blocks.#": "1",
                            "cidr_blocks.0": "0.0.0.0/0",
                            "from_port": "8500",
                            "id": "sgrule-3480685048",
                            "protocol": "tcp",
                            "security_group_id": "sg-08864017350ff0ba4",
                            "self": "false",
                            "to_port": "8500",
                            "type": "ingress"
                        },
                        "meta": {
                            "schema_version": "2"
                        },
                        "tainted": false
                    },
                    "deposed": [],
                    "provider": "provider.aws"
                },
                "aws_security_group_rule.allow_http_api_inbound_from_self": {
                    "type": "aws_security_group_rule",
                    "depends_on": [],
                    "primary": {
                        "id": "sgrule-2963171092",
                        "attributes": {
                            "from_port": "8500",
                            "id": "sgrule-2963171092",
                            "protocol": "tcp",
                            "security_group_id": "sg-08864017350ff0ba4",
                            "self": "true",
                            "to_port": "8500",
                            "type": "ingress"
                        },
                        "meta": {
                            "schema_version": "2"
                        },
                        "tainted": false
                    },
                    "deposed": [],
                    "provider": "provider.aws"
                },
                "aws_security_group_rule.allow_serf_wan_tcp_inbound": {
                    "type": "aws_security_group_rule",
                    "depends_on": [],
                    "primary": {
                        "id": "sgrule-3385710824",
                        "attributes": {
                            "cidr_blocks.#": "1",
                            "cidr_blocks.0": "0.0.0.0/0",
                            "from_port": "8302",
                            "id": "sgrule-3385710824",
                            "protocol": "tcp",
                            "security_group_id": "sg-08864017350ff0ba4",
                            "self": "false",
                            "to_port": "8302",
                            "type": "ingress"
                        },
                        "meta": {
                            "schema_version": "2"
                        },
                        "tainted": false
                    },
                    "deposed": [],
                    "provider": "provider.aws"
                },
                "aws_security_group_rule.allow_serf_wan_tcp_inbound_from_self": {
                    "type": "aws_security_group_rule",
                    "depends_on": [],
                    "primary": {
                        "id": "sgrule-2560221161",
                        "attributes": {
                            "from_port": "8302",
                            "id": "sgrule-2560221161",
                            "protocol": "tcp",
                            "security_group_id": "sg-08864017350ff0ba4",
                            "self": "true",
                            "to_port": "8302",
                            "type": "ingress"
                        },
                        "meta": {
                            "schema_version": "2"
                        },
                        "tainted": false
                    },
                    "deposed": [],
                    "provider": "provider.aws"
                },
                "aws_security_group_rule.allow_serf_wan_udp_inbound": {
                    "type": "aws_security_group_rule",
                    "depends_on": [],
                    "primary": {
                        "id": "sgrule-3070376560",
                        "attributes": {
                            "cidr_blocks.#": "1",
                            "cidr_blocks.0": "0.0.0.0/0",
                            "from_port": "8302",
                            "id": "sgrule-3070376560",
                            "protocol": "udp",
                            "security_group_id": "sg-08864017350ff0ba4",
                            "self": "false",
                            "to_port": "8302",
                            "type": "ingress"
                        },
                        "meta": {
                            "schema_version": "2"
                        },
                        "tainted": false
                    },
                    "deposed": [],
                    "provider": "provider.aws"
                },
                "aws_security_group_rule.allow_serf_wan_udp_inbound_from_self": {
                    "type": "aws_security_group_rule",
                    "depends_on": [],
                    "primary": {
                        "id": "sgrule-1019640838",
                        "attributes": {
                            "from_port": "8302",
                            "id": "sgrule-1019640838",
                            "protocol": "udp",
                            "security_group_id": "sg-08864017350ff0ba4",
                            "self": "true",
                            "to_port": "8302",
                            "type": "ingress"
                        },
                        "meta": {
                            "schema_version": "2"
                        },
                        "tainted": false
                    },
                    "deposed": [],
                    "provider": "provider.aws"
                },
                "aws_security_group_rule.allow_server_rpc_inbound": {
                    "type": "aws_security_group_rule",
                    "depends_on": [],
                    "primary": {
                        "id": "sgrule-3606685359",
                        "attributes": {
                            "cidr_blocks.#": "1",
                            "cidr_blocks.0": "0.0.0.0/0",
                            "from_port": "8300",
                            "id": "sgrule-3606685359",
                            "protocol": "tcp",
                            "security_group_id": "sg-08864017350ff0ba4",
                            "self": "false",
                            "to_port": "8300",
                            "type": "ingress"
                        },
                        "meta": {
                            "schema_version": "2"
                        },
                        "tainted": false
                    },
                    "deposed": [],
                    "provider": "provider.aws"
                },
                "aws_security_group_rule.allow_server_rpc_inbound_from_self": {
                    "type": "aws_security_group_rule",
                    "depends_on": [],
                    "primary": {
                        "id": "sgrule-1649891201",
                        "attributes": {
                            "from_port": "8300",
                            "id": "sgrule-1649891201",
                            "protocol": "tcp",
                            "security_group_id": "sg-08864017350ff0ba4",
                            "self": "true",
                            "to_port": "8300",
                            "type": "ingress"
                        },
                        "meta": {
                            "schema_version": "2"
                        },
                        "tainted": false
                    },
                    "deposed": [],
                    "provider": "provider.aws"
                }
            },
            "depends_on": []
        },
        {
            "path": [
                "root",
                "consul_clients",
                "security_group_rules",
                "client_security_group_rules"
            ],
            "outputs": {},
            "resources": {
                "aws_security_group_rule.allow_serf_lan_tcp_inbound": {
                    "type": "aws_security_group_rule",
                    "depends_on": [],
                    "primary": {
                        "id": "sgrule-10603877",
                        "attributes": {
                            "cidr_blocks.#": "1",
                            "cidr_blocks.0": "0.0.0.0/0",
                            "from_port": "8301",
                            "id": "sgrule-10603877",
                            "protocol": "tcp",
                            "security_group_id": "sg-03df42e1ac0c83440",
                            "self": "false",
                            "to_port": "8301",
                            "type": "ingress"
                        },
                        "meta": {
                            "schema_version": "2"
                        },
                        "tainted": false
                    },
                    "deposed": [],
                    "provider": "provider.aws"
                },
                "aws_security_group_rule.allow_serf_lan_tcp_inbound_from_self": {
                    "type": "aws_security_group_rule",
                    "depends_on": [],
                    "primary": {
                        "id": "sgrule-784435734",
                        "attributes": {
                            "from_port": "8301",
                            "id": "sgrule-784435734",
                            "protocol": "tcp",
                            "security_group_id": "sg-03df42e1ac0c83440",
                            "self": "true",
                            "to_port": "8301",
                            "type": "ingress"
                        },
                        "meta": {
                            "schema_version": "2"
                        },
                        "tainted": false
                    },
                    "deposed": [],
                    "provider": "provider.aws"
                },
                "aws_security_group_rule.allow_serf_lan_udp_inbound": {
                    "type": "aws_security_group_rule",
                    "depends_on": [],
                    "primary": {
                        "id": "sgrule-2121150461",
                        "attributes": {
                            "cidr_blocks.#": "1",
                            "cidr_blocks.0": "0.0.0.0/0",
                            "from_port": "8301",
                            "id": "sgrule-2121150461",
                            "protocol": "udp",
                            "security_group_id": "sg-03df42e1ac0c83440",
                            "self": "false",
                            "to_port": "8301",
                            "type": "ingress"
                        },
                        "meta": {
                            "schema_version": "2"
                        },
                        "tainted": false
                    },
                    "deposed": [],
                    "provider": "provider.aws"
                },
                "aws_security_group_rule.allow_serf_lan_udp_inbound_from_self": {
                    "type": "aws_security_group_rule",
                    "depends_on": [],
                    "primary": {
                        "id": "sgrule-2325621241",
                        "attributes": {
                            "from_port": "8301",
                            "id": "sgrule-2325621241",
                            "protocol": "udp",
                            "security_group_id": "sg-03df42e1ac0c83440",
                            "self": "true",
                            "to_port": "8301",
                            "type": "ingress"
                        },
                        "meta": {
                            "schema_version": "2"
                        },
                        "tainted": false
                    },
                    "deposed": [],
                    "provider": "provider.aws"
                }
            },
            "depends_on": []
        },
        {
            "path": [
                "root",
                "consul_servers",
                "security_group_rules",
                "client_security_group_rules"
            ],
            "outputs": {},
            "resources": {
                "aws_security_group_rule.allow_serf_lan_tcp_inbound": {
                    "type": "aws_security_group_rule",
                    "depends_on": [],
                    "primary": {
                        "id": "sgrule-886774444",
                        "attributes": {
                            "cidr_blocks.#": "1",
                            "cidr_blocks.0": "0.0.0.0/0",
                            "from_port": "8301",
                            "id": "sgrule-886774444",
                            "protocol": "tcp",
                            "security_group_id": "sg-08864017350ff0ba4",
                            "self": "false",
                            "to_port": "8301",
                            "type": "ingress"
                        },
                        "meta": {
                            "schema_version": "2"
                        },
                        "tainted": false
                    },
                    "deposed": [],
                    "provider": "provider.aws"
                },
                "aws_security_group_rule.allow_serf_lan_tcp_inbound_from_self": {
                    "type": "aws_security_group_rule",
                    "depends_on": [],
                    "primary": {
                        "id": "sgrule-523244469",
                        "attributes": {
                            "from_port": "8301",
                            "id": "sgrule-523244469",
                            "protocol": "tcp",
                            "security_group_id": "sg-08864017350ff0ba4",
                            "self": "true",
                            "to_port": "8301",
                            "type": "ingress"
                        },
                        "meta": {
                            "schema_version": "2"
                        },
                        "tainted": false
                    },
                    "deposed": [],
                    "provider": "provider.aws"
                },
                "aws_security_group_rule.allow_serf_lan_udp_inbound": {
                    "type": "aws_security_group_rule",
                    "depends_on": [],
                    "primary": {
                        "id": "sgrule-1242888244",
                        "attributes": {
                            "cidr_blocks.#": "1",
                            "cidr_blocks.0": "0.0.0.0/0",
                            "from_port": "8301",
                            "id": "sgrule-1242888244",
                            "protocol": "udp",
                            "security_group_id": "sg-08864017350ff0ba4",
                            "self": "false",
                            "to_port": "8301",
                            "type": "ingress"
                        },
                        "meta": {
                            "schema_version": "2"
                        },
                        "tainted": false
                    },
                    "deposed": [],
                    "provider": "provider.aws"
                },
                "aws_security_group_rule.allow_serf_lan_udp_inbound_from_self": {
                    "type": "aws_security_group_rule",
                    "depends_on": [],
                    "primary": {
                        "id": "sgrule-3144659034",
                        "attributes": {
                            "from_port": "8301",
                            "id": "sgrule-3144659034",
                            "protocol": "udp",
                            "security_group_id": "sg-08864017350ff0ba4",
                            "self": "true",
                            "to_port": "8301",
                            "type": "ingress"
                        },
                        "meta": {
                            "schema_version": "2"
                        },
                        "tainted": false
                    },
                    "deposed": [],
                    "provider": "provider.aws"
                }
            },
            "depends_on": []
        }
    ]
}
